
Microsoft Visual Studio Solution File, Format Version 12.00
# Visual Studio Version 16
VisualStudioVersion = 16.0.29503.13
MinimumVisualStudioVersion = 10.0.40219.1
Project("{2150E333-8FDC-42A3-9474-1A3956D46DE8}") = "Libraries", "Libraries", "{FC5B32E5-7BF7-462C-BDEF-1C939D9B7ADE}"
EndProject
Project("{FAE04EC0-301F-11D3-BF4B-00C04F79EFBC}") = "Hywire.CommLibrary", "..\..\Libraries\Hywire.CommLibrary\Hywire.CommLibrary.csproj", "{4007B575-FEE9-4959-B81A-436E51258451}"
EndProject
Project("{FAE04EC0-301F-11D3-BF4B-00C04F79EFBC}") = "PVCAM.NET", "..\..\Libraries\PVCam.NET\PVCAM\PVCAM.NET.csproj", "{9BC64F67-33C2-4A01-B09E-6E2DEF9F7C7F}"
EndProject
Project("{FAE04EC0-301F-11D3-BF4B-00C04F79EFBC}") = "Sequlite.CameraLib", "..\..\Libraries\Sequlite.CameraLib\Sequlite.CameraLib.csproj", "{50E85E96-5A2F-46A9-87D3-9407981AEEA1}"
EndProject
Project("{FAE04EC0-301F-11D3-BF4B-00C04F79EFBC}") = "Sequlite.Image.Processing", "..\..\Libraries\Sequlite.Image.Processing\Sequlite.Image.Processing.csproj", "{AEB73D39-8F98-4B1E-83F9-B50477299774}"
EndProject
Project("{FAE04EC0-301F-11D3-BF4B-00C04F79EFBC}") = "Sequlite.WPF.Framework", "..\..\Libraries\Sequlite.WPF.Framework\Sequlite.WPF.Framework.csproj", "{3A6581B3-94D2-47D0-B4AF-E182D15EBBBE}"
EndProject
Project("{FAE04EC0-301F-11D3-BF4B-00C04F79EFBC}") = "Sequlite.EngineerGUI", "Sequlite.ALF.EngineerGUI\Sequlite.EngineerGUI.csproj", "{409C2BC7-FA54-4715-A8D8-92A1359A9C02}"
EndProject
Project("{FAE04EC0-301F-11D3-BF4B-00C04F79EFBC}") = "Sequlite.ALF.Fluidics", "..\..\Libraries\Sequlite.ALF.Fluidics\Sequlite.ALF.Fluidics.csproj", "{07A59F91-59D0-41EF-96A5-3CE699BFB68D}"
EndProject
Project("{FAE04EC0-301F-11D3-BF4B-00C04F79EFBC}") = "Sequlite.ALF.Imaging", "..\..\Libraries\Sequlite.ALF.Imaging\Sequlite.ALF.Imaging.csproj", "{11A1623A-E83D-450D-A013-F54BF2887715}"
EndProject
Project("{FAE04EC0-301F-11D3-BF4B-00C04F79EFBC}") = "Sequlite.ALF.MainBoard", "..\..\Libraries\Sequlite.ALF.MainBoard\Sequlite.ALF.MainBoard.csproj", "{C7850D7D-A231-4CE4-BC75-9787F59BCC75}"
EndProject
Project("{FAE04EC0-301F-11D3-BF4B-00C04F79EFBC}") = "Sequlite.ALF.MotionControl", "..\..\Libraries\Sequlite.ALF.MotionControl\Sequlite.ALF.MotionControl.csproj", "{0D77FD7C-DF0D-4C9E-91DD-0C19B118EDAF}"
EndProject
Project("{FAE04EC0-301F-11D3-BF4B-00C04F79EFBC}") = "Sequlite.ALF.RecipeLib", "..\..\Libraries\Sequlite.ALF.RecipeLib\Sequlite.ALF.RecipeLib.csproj", "{B1CFA372-FE3F-4CB6-94D4-D7FFF1A55F1D}"
EndProject
Project("{FAE04EC0-301F-11D3-BF4B-00C04F79EFBC}") = "Sequlite.ALF.Common", "..\..\Libraries\Sequlite.ALF.Common\Sequlite.ALF.Common.csproj", "{62DBA0E8-7F0C-4575-A907-B0D153F51524}"
EndProject
Project("{FAE04EC0-301F-11D3-BF4B-00C04F79EFBC}") = "Hywire.MotionControl", "..\..\Libraries\Hywire.MotionControl\Hywire.MotionControl.csproj", "{AC2D1C88-799C-4A61-9899-1656E3AA8FD3}"
EndProject
Project("{FAE04EC0-301F-11D3-BF4B-00C04F79EFBC}") = "Sequlite.ALF.SerialPeripherals", "..\..\Libraries\Sequlite.ALF.SerialPeripherals\Sequlite.ALF.SerialPeripherals.csproj", "{012C1A13-7463-4845-AE77-E1F5C30FC228}"
EndProject
Project("{FAE04EC0-301F-11D3-BF4B-00C04F79EFBC}") = "AvalonDock", "..\..\Libraries\AvalonDock\Version1.3\AvalonDock\AvalonDock.csproj", "{87E61430-4243-45F2-B74E-0A4C096CEBF3}"
EndProject
Project("{FAE04EC0-301F-11D3-BF4B-00C04F79EFBC}") = "AvalonDockMVVM", "..\..\Libraries\AvalonDock\Version1.3\AvalonDockMVVM\AvalonDockMVVM.csproj", "{482AD327-6622-412C-86FF-A6CC9D031626}"
EndProject
Project("{FAE04EC0-301F-11D3-BF4B-00C04F79EFBC}") = "Sequlite.UIControl", "Sequlite.ALF.EngineerGUI\Sequlite.UIControl.csproj", "{3FBB7AA4-057A-4BE2-9E76-9B0CAEC33DE6}"
EndProject
Project("{FAE04EC0-301F-11D3-BF4B-00C04F79EFBC}") = "Sequlite.ALF.App", "..\..\Libraries\Sequlite.ALF.App\Sequlite.ALF.App.csproj", "{B38A4E4B-1388-4835-90DC-189496ECAD74}"
EndProject
Global
	GlobalSection(SolutionConfigurationPlatforms) = preSolution
		Debug|Any CPU = Debug|Any CPU
		Debug|x64 = Debug|x64
		Debug|x86 = Debug|x86
		Release|Any CPU = Release|Any CPU
		Release|x64 = Release|x64
		Release|x86 = Release|x86
	EndGlobalSection
	GlobalSection(ProjectConfigurationPlatforms) = postSolution
		{4007B575-FEE9-4959-B81A-436E51258451}.Debug|Any CPU.ActiveCfg = Debug|Any CPU
		{4007B575-FEE9-4959-B81A-436E51258451}.Debug|Any CPU.Build.0 = Debug|Any CPU
		{4007B575-FEE9-4959-B81A-436E51258451}.Debug|x64.ActiveCfg = Debug|Any CPU
		{4007B575-FEE9-4959-B81A-436E51258451}.Debug|x64.Build.0 = Debug|Any CPU
		{4007B575-FEE9-4959-B81A-436E51258451}.Debug|x86.ActiveCfg = Debug|Any CPU
		{4007B575-FEE9-4959-B81A-436E51258451}.Debug|x86.Build.0 = Debug|Any CPU
		{4007B575-FEE9-4959-B81A-436E51258451}.Release|Any CPU.ActiveCfg = Release|Any CPU
		{4007B575-FEE9-4959-B81A-436E51258451}.Release|Any CPU.Build.0 = Release|Any CPU
		{4007B575-FEE9-4959-B81A-436E51258451}.Release|x64.ActiveCfg = Release|Any CPU
		{4007B575-FEE9-4959-B81A-436E51258451}.Release|x64.Build.0 = Release|Any CPU
		{4007B575-FEE9-4959-B81A-436E51258451}.Release|x86.ActiveCfg = Release|Any CPU
		{4007B575-FEE9-4959-B81A-436E51258451}.Release|x86.Build.0 = Release|Any CPU
		{9BC64F67-33C2-4A01-B09E-6E2DEF9F7C7F}.Debug|Any CPU.ActiveCfg = Debug|Any CPU
		{9BC64F67-33C2-4A01-B09E-6E2DEF9F7C7F}.Debug|Any CPU.Build.0 = Debug|Any CPU
		{9BC64F67-33C2-4A01-B09E-6E2DEF9F7C7F}.Debug|x64.ActiveCfg = Debug|Any CPU
		{9BC64F67-33C2-4A01-B09E-6E2DEF9F7C7F}.Debug|x64.Build.0 = Debug|Any CPU
		{9BC64F67-33C2-4A01-B09E-6E2DEF9F7C7F}.Debug|x86.ActiveCfg = Debug|x86
		{9BC64F67-33C2-4A01-B09E-6E2DEF9F7C7F}.Debug|x86.Build.0 = Debug|x86
		{9BC64F67-33C2-4A01-B09E-6E2DEF9F7C7F}.Release|Any CPU.ActiveCfg = Release|Any CPU
		{9BC64F67-33C2-4A01-B09E-6E2DEF9F7C7F}.Release|Any CPU.Build.0 = Release|Any CPU
		{9BC64F67-33C2-4A01-B09E-6E2DEF9F7C7F}.Release|x64.ActiveCfg = Release|Any CPU
		{9BC64F67-33C2-4A01-B09E-6E2DEF9F7C7F}.Release|x64.Build.0 = Release|Any CPU
		{9BC64F67-33C2-4A01-B09E-6E2DEF9F7C7F}.Release|x86.ActiveCfg = Release|x86
		{9BC64F67-33C2-4A01-B09E-6E2DEF9F7C7F}.Release|x86.Build.0 = Release|x86
		{50E85E96-5A2F-46A9-87D3-9407981AEEA1}.Debug|Any CPU.ActiveCfg = Debug|Any CPU
		{50E85E96-5A2F-46A9-87D3-9407981AEEA1}.Debug|Any CPU.Build.0 = Debug|Any CPU
		{50E85E96-5A2F-46A9-87D3-9407981AEEA1}.Debug|x64.ActiveCfg = Debug|x64
		{50E85E96-5A2F-46A9-87D3-9407981AEEA1}.Debug|x64.Build.0 = Debug|x64
		{50E85E96-5A2F-46A9-87D3-9407981AEEA1}.Debug|x86.ActiveCfg = Debug|Any CPU
		{50E85E96-5A2F-46A9-87D3-9407981AEEA1}.Debug|x86.Build.0 = Debug|Any CPU
		{50E85E96-5A2F-46A9-87D3-9407981AEEA1}.Release|Any CPU.ActiveCfg = Release|Any CPU
		{50E85E96-5A2F-46A9-87D3-9407981AEEA1}.Release|Any CPU.Build.0 = Release|Any CPU
		{50E85E96-5A2F-46A9-87D3-9407981AEEA1}.Release|x64.ActiveCfg = Release|x64
		{50E85E96-5A2F-46A9-87D3-9407981AEEA1}.Release|x64.Build.0 = Release|x64
		{50E85E96-5A2F-46A9-87D3-9407981AEEA1}.Release|x86.ActiveCfg = Release|Any CPU
		{50E85E96-5A2F-46A9-87D3-9407981AEEA1}.Release|x86.Build.0 = Release|Any CPU
		{AEB73D39-8F98-4B1E-83F9-B50477299774}.Debug|Any CPU.ActiveCfg = Debug|Any CPU
		{AEB73D39-8F98-4B1E-83F9-B50477299774}.Debug|Any CPU.Build.0 = Debug|Any CPU
		{AEB73D39-8F98-4B1E-83F9-B50477299774}.Debug|x64.ActiveCfg = Debug|x64
		{AEB73D39-8F98-4B1E-83F9-B50477299774}.Debug|x64.Build.0 = Debug|x64
		{AEB73D39-8F98-4B1E-83F9-B50477299774}.Debug|x86.ActiveCfg = Debug|Any CPU
		{AEB73D39-8F98-4B1E-83F9-B50477299774}.Debug|x86.Build.0 = Debug|Any CPU
		{AEB73D39-8F98-4B1E-83F9-B50477299774}.Release|Any CPU.ActiveCfg = Release|Any CPU
		{AEB73D39-8F98-4B1E-83F9-B50477299774}.Release|Any CPU.Build.0 = Release|Any CPU
		{AEB73D39-8F98-4B1E-83F9-B50477299774}.Release|x64.ActiveCfg = Release|x64
		{AEB73D39-8F98-4B1E-83F9-B50477299774}.Release|x64.Build.0 = Release|x64
		{AEB73D39-8F98-4B1E-83F9-B50477299774}.Release|x86.ActiveCfg = Release|Any CPU
		{AEB73D39-8F98-4B1E-83F9-B50477299774}.Release|x86.Build.0 = Release|Any CPU
		{3A6581B3-94D2-47D0-B4AF-E182D15EBBBE}.Debug|Any CPU.ActiveCfg = Debug|Any CPU
		{3A6581B3-94D2-47D0-B4AF-E182D15EBBBE}.Debug|Any CPU.Build.0 = Debug|Any CPU
		{3A6581B3-94D2-47D0-B4AF-E182D15EBBBE}.Debug|x64.ActiveCfg = Debug|x64
		{3A6581B3-94D2-47D0-B4AF-E182D15EBBBE}.Debug|x64.Build.0 = Debug|x64
		{3A6581B3-94D2-47D0-B4AF-E182D15EBBBE}.Debug|x86.ActiveCfg = Debug|Any CPU
		{3A6581B3-94D2-47D0-B4AF-E182D15EBBBE}.Debug|x86.Build.0 = Debug|Any CPU
		{3A6581B3-94D2-47D0-B4AF-E182D15EBBBE}.Release|Any CPU.ActiveCfg = Release|Any CPU
		{3A6581B3-94D2-47D0-B4AF-E182D15EBBBE}.Release|Any CPU.Build.0 = Release|Any CPU
		{3A6581B3-94D2-47D0-B4AF-E182D15EBBBE}.Release|x64.ActiveCfg = Release|x64
		{3A6581B3-94D2-47D0-B4AF-E182D15EBBBE}.Release|x64.Build.0 = Release|x64
		{3A6581B3-94D2-47D0-B4AF-E182D15EBBBE}.Release|x86.ActiveCfg = Release|Any CPU
		{3A6581B3-94D2-47D0-B4AF-E182D15EBBBE}.Release|x86.Build.0 = Release|Any CPU
		{409C2BC7-FA54-4715-A8D8-92A1359A9C02}.Debug|Any CPU.ActiveCfg = Debug|Any CPU
		{409C2BC7-FA54-4715-A8D8-92A1359A9C02}.Debug|Any CPU.Build.0 = Debug|Any CPU
		{409C2BC7-FA54-4715-A8D8-92A1359A9C02}.Debug|x64.ActiveCfg = Debug|Any CPU
		{409C2BC7-FA54-4715-A8D8-92A1359A9C02}.Debug|x64.Build.0 = Debug|Any CPU
		{409C2BC7-FA54-4715-A8D8-92A1359A9C02}.Debug|x86.ActiveCfg = Debug|Any CPU
		{409C2BC7-FA54-4715-A8D8-92A1359A9C02}.Debug|x86.Build.0 = Debug|Any CPU
		{409C2BC7-FA54-4715-A8D8-92A1359A9C02}.Release|Any CPU.ActiveCfg = Release|Any CPU
		{409C2BC7-FA54-4715-A8D8-92A1359A9C02}.Release|Any CPU.Build.0 = Release|Any CPU
		{409C2BC7-FA54-4715-A8D8-92A1359A9C02}.Release|x64.ActiveCfg = Release|Any CPU
		{409C2BC7-FA54-4715-A8D8-92A1359A9C02}.Release|x64.Build.0 = Release|Any CPU
		{409C2BC7-FA54-4715-A8D8-92A1359A9C02}.Release|x86.ActiveCfg = Release|Any CPU
		{409C2BC7-FA54-4715-A8D8-92A1359A9C02}.Release|x86.Build.0 = Release|Any CPU
		{07A59F91-59D0-41EF-96A5-3CE699BFB68D}.Debug|Any CPU.ActiveCfg = Debug|Any CPU
		{07A59F91-59D0-41EF-96A5-3CE699BFB68D}.Debug|Any CPU.Build.0 = Debug|Any CPU
		{07A59F91-59D0-41EF-96A5-3CE699BFB68D}.Debug|x64.ActiveCfg = Debug|Any CPU
		{07A59F91-59D0-41EF-96A5-3CE699BFB68D}.Debug|x64.Build.0 = Debug|Any CPU
		{07A59F91-59D0-41EF-96A5-3CE699BFB68D}.Debug|x86.ActiveCfg = Debug|Any CPU
		{07A59F91-59D0-41EF-96A5-3CE699BFB68D}.Debug|x86.Build.0 = Debug|Any CPU
		{07A59F91-59D0-41EF-96A5-3CE699BFB68D}.Release|Any CPU.ActiveCfg = Release|Any CPU
		{07A59F91-59D0-41EF-96A5-3CE699BFB68D}.Release|Any CPU.Build.0 = Release|Any CPU
		{07A59F91-59D0-41EF-96A5-3CE699BFB68D}.Release|x64.ActiveCfg = Release|Any CPU
		{07A59F91-59D0-41EF-96A5-3CE699BFB68D}.Release|x64.Build.0 = Release|Any CPU
		{07A59F91-59D0-41EF-96A5-3CE699BFB68D}.Release|x86.ActiveCfg = Release|Any CPU
		{07A59F91-59D0-41EF-96A5-3CE699BFB68D}.Release|x86.Build.0 = Release|Any CPU
		{11A1623A-E83D-450D-A013-F54BF2887715}.Debug|Any CPU.ActiveCfg = Debug|Any CPU
		{11A1623A-E83D-450D-A013-F54BF2887715}.Debug|Any CPU.Build.0 = Debug|Any CPU
		{11A1623A-E83D-450D-A013-F54BF2887715}.Debug|x64.ActiveCfg = Debug|Any CPU
		{11A1623A-E83D-450D-A013-F54BF2887715}.Debug|x64.Build.0 = Debug|Any CPU
		{11A1623A-E83D-450D-A013-F54BF2887715}.Debug|x86.ActiveCfg = Debug|Any CPU
		{11A1623A-E83D-450D-A013-F54BF2887715}.Debug|x86.Build.0 = Debug|Any CPU
		{11A1623A-E83D-450D-A013-F54BF2887715}.Release|Any CPU.ActiveCfg = Release|Any CPU
		{11A1623A-E83D-450D-A013-F54BF2887715}.Release|Any CPU.Build.0 = Release|Any CPU
		{11A1623A-E83D-450D-A013-F54BF2887715}.Release|x64.ActiveCfg = Release|Any CPU
		{11A1623A-E83D-450D-A013-F54BF2887715}.Release|x64.Build.0 = Release|Any CPU
		{11A1623A-E83D-450D-A013-F54BF2887715}.Release|x86.ActiveCfg = Release|Any CPU
		{11A1623A-E83D-450D-A013-F54BF2887715}.Release|x86.Build.0 = Release|Any CPU
		{C7850D7D-A231-4CE4-BC75-9787F59BCC75}.Debug|Any CPU.ActiveCfg = Debug|Any CPU
		{C7850D7D-A231-4CE4-BC75-9787F59BCC75}.Debug|Any CPU.Build.0 = Debug|Any CPU
		{C7850D7D-A231-4CE4-BC75-9787F59BCC75}.Debug|x64.ActiveCfg = Debug|Any CPU
		{C7850D7D-A231-4CE4-BC75-9787F59BCC75}.Debug|x64.Build.0 = Debug|Any CPU
		{C7850D7D-A231-4CE4-BC75-9787F59BCC75}.Debug|x86.ActiveCfg = Debug|Any CPU
		{C7850D7D-A231-4CE4-BC75-9787F59BCC75}.Debug|x86.Build.0 = Debug|Any CPU
		{C7850D7D-A231-4CE4-BC75-9787F59BCC75}.Release|Any CPU.ActiveCfg = Release|Any CPU
		{C7850D7D-A231-4CE4-BC75-9787F59BCC75}.Release|Any CPU.Build.0 = Release|Any CPU
		{C7850D7D-A231-4CE4-BC75-9787F59BCC75}.Release|x64.ActiveCfg = Release|Any CPU
		{C7850D7D-A231-4CE4-BC75-9787F59BCC75}.Release|x64.Build.0 = Release|Any CPU
		{C7850D7D-A231-4CE4-BC75-9787F59BCC75}.Release|x86.ActiveCfg = Release|Any CPU
		{C7850D7D-A231-4CE4-BC75-9787F59BCC75}.Release|x86.Build.0 = Release|Any CPU
		{0D77FD7C-DF0D-4C9E-91DD-0C19B118EDAF}.Debug|Any CPU.ActiveCfg = Debug|Any CPU
		{0D77FD7C-DF0D-4C9E-91DD-0C19B118EDAF}.Debug|Any CPU.Build.0 = Debug|Any CPU
		{0D77FD7C-DF0D-4C9E-91DD-0C19B118EDAF}.Debug|x64.ActiveCfg = Debug|Any CPU
		{0D77FD7C-DF0D-4C9E-91DD-0C19B118EDAF}.Debug|x64.Build.0 = Debug|Any CPU
		{0D77FD7C-DF0D-4C9E-91DD-0C19B118EDAF}.Debug|x86.ActiveCfg = Debug|Any CPU
		{0D77FD7C-DF0D-4C9E-91DD-0C19B118EDAF}.Debug|x86.Build.0 = Debug|Any CPU
		{0D77FD7C-DF0D-4C9E-91DD-0C19B118EDAF}.Release|Any CPU.ActiveCfg = Release|Any CPU
		{0D77FD7C-DF0D-4C9E-91DD-0C19B118EDAF}.Release|Any CPU.Build.0 = Release|Any CPU
		{0D77FD7C-DF0D-4C9E-91DD-0C19B118EDAF}.Release|x64.ActiveCfg = Release|Any CPU
		{0D77FD7C-DF0D-4C9E-91DD-0C19B118EDAF}.Release|x64.Build.0 = Release|Any CPU
		{0D77FD7C-DF0D-4C9E-91DD-0C19B118EDAF}.Release|x86.ActiveCfg = Release|Any CPU
		{0D77FD7C-DF0D-4C9E-91DD-0C19B118EDAF}.Release|x86.Build.0 = Release|Any CPU
		{B1CFA372-FE3F-4CB6-94D4-D7FFF1A55F1D}.Debug|Any CPU.ActiveCfg = Debug|Any CPU
		{B1CFA372-FE3F-4CB6-94D4-D7FFF1A55F1D}.Debug|Any CPU.Build.0 = Debug|Any CPU
		{B1CFA372-FE3F-4CB6-94D4-D7FFF1A55F1D}.Debug|x64.ActiveCfg = Debug|Any CPU
		{B1CFA372-FE3F-4CB6-94D4-D7FFF1A55F1D}.Debug|x64.Build.0 = Debug|Any CPU
		{B1CFA372-FE3F-4CB6-94D4-D7FFF1A55F1D}.Debug|x86.ActiveCfg = Debug|Any CPU
		{B1CFA372-FE3F-4CB6-94D4-D7FFF1A55F1D}.Debug|x86.Build.0 = Debug|Any CPU
		{B1CFA372-FE3F-4CB6-94D4-D7FFF1A55F1D}.Release|Any CPU.ActiveCfg = Release|Any CPU
		{B1CFA372-FE3F-4CB6-94D4-D7FFF1A55F1D}.Release|Any CPU.Build.0 = Release|Any CPU
		{B1CFA372-FE3F-4CB6-94D4-D7FFF1A55F1D}.Release|x64.ActiveCfg = Release|Any CPU
		{B1CFA372-FE3F-4CB6-94D4-D7FFF1A55F1D}.Release|x64.Build.0 = Release|Any CPU
		{B1CFA372-FE3F-4CB6-94D4-D7FFF1A55F1D}.Release|x86.ActiveCfg = Release|Any CPU
		{B1CFA372-FE3F-4CB6-94D4-D7FFF1A55F1D}.Release|x86.Build.0 = Release|Any CPU
		{62DBA0E8-7F0C-4575-A907-B0D153F51524}.Debug|Any CPU.ActiveCfg = Debug|Any CPU
		{62DBA0E8-7F0C-4575-A907-B0D153F51524}.Debug|Any CPU.Build.0 = Debug|Any CPU
		{62DBA0E8-7F0C-4575-A907-B0D153F51524}.Debug|x64.ActiveCfg = Debug|Any CPU
		{62DBA0E8-7F0C-4575-A907-B0D153F51524}.Debug|x64.Build.0 = Debug|Any CPU
		{62DBA0E8-7F0C-4575-A907-B0D153F51524}.Debug|x86.ActiveCfg = Debug|Any CPU
		{62DBA0E8-7F0C-4575-A907-B0D153F51524}.Debug|x86.Build.0 = Debug|Any CPU
		{62DBA0E8-7F0C-4575-A907-B0D153F51524}.Release|Any CPU.ActiveCfg = Release|Any CPU
		{62DBA0E8-7F0C-4575-A907-B0D153F51524}.Release|Any CPU.Build.0 = Release|Any CPU
		{62DBA0E8-7F0C-4575-A907-B0D153F51524}.Release|x64.ActiveCfg = Release|Any CPU
		{62DBA0E8-7F0C-4575-A907-B0D153F51524}.Release|x64.Build.0 = Release|Any CPU
		{62DBA0E8-7F0C-4575-A907-B0D153F51524}.Release|x86.ActiveCfg = Release|Any CPU
		{62DBA0E8-7F0C-4575-A907-B0D153F51524}.Release|x86.Build.0 = Release|Any CPU
		{AC2D1C88-799C-4A61-9899-1656E3AA8FD3}.Debug|Any CPU.ActiveCfg = Debug|Any CPU
		{AC2D1C88-799C-4A61-9899-1656E3AA8FD3}.Debug|Any CPU.Build.0 = Debug|Any CPU
		{AC2D1C88-799C-4A61-9899-1656E3AA8FD3}.Debug|x64.ActiveCfg = Debug|Any CPU
		{AC2D1C88-799C-4A61-9899-1656E3AA8FD3}.Debug|x64.Build.0 = Debug|Any CPU
		{AC2D1C88-799C-4A61-9899-1656E3AA8FD3}.Debug|x86.ActiveCfg = Debug|Any CPU
		{AC2D1C88-799C-4A61-9899-1656E3AA8FD3}.Debug|x86.Build.0 = Debug|Any CPU
		{AC2D1C88-799C-4A61-9899-1656E3AA8FD3}.Release|Any CPU.ActiveCfg = Release|Any CPU
		{AC2D1C88-799C-4A61-9899-1656E3AA8FD3}.Release|Any CPU.Build.0 = Release|Any CPU
		{AC2D1C88-799C-4A61-9899-1656E3AA8FD3}.Release|x64.ActiveCfg = Release|Any CPU
		{AC2D1C88-799C-4A61-9899-1656E3AA8FD3}.Release|x64.Build.0 = Release|Any CPU
		{AC2D1C88-799C-4A61-9899-1656E3AA8FD3}.Release|x86.ActiveCfg = Release|Any CPU
		{AC2D1C88-799C-4A61-9899-1656E3AA8FD3}.Release|x86.Build.0 = Release|Any CPU
		{012C1A13-7463-4845-AE77-E1F5C30FC228}.Debug|Any CPU.ActiveCfg = Debug|Any CPU
		{012C1A13-7463-4845-AE77-E1F5C30FC228}.Debug|Any CPU.Build.0 = Debug|Any CPU
		{012C1A13-7463-4845-AE77-E1F5C30FC228}.Debug|x64.ActiveCfg = Debug|Any CPU
		{012C1A13-7463-4845-AE77-E1F5C30FC228}.Debug|x64.Build.0 = Debug|Any CPU
		{012C1A13-7463-4845-AE77-E1F5C30FC228}.Debug|x86.ActiveCfg = Debug|Any CPU
		{012C1A13-7463-4845-AE77-E1F5C30FC228}.Debug|x86.Build.0 = Debug|Any CPU
		{012C1A13-7463-4845-AE77-E1F5C30FC228}.Release|Any CPU.ActiveCfg = Release|Any CPU
		{012C1A13-7463-4845-AE77-E1F5C30FC228}.Release|Any CPU.Build.0 = Release|Any CPU
		{012C1A13-7463-4845-AE77-E1F5C30FC228}.Release|x64.ActiveCfg = Release|Any CPU
		{012C1A13-7463-4845-AE77-E1F5C30FC228}.Release|x64.Build.0 = Release|Any CPU
		{012C1A13-7463-4845-AE77-E1F5C30FC228}.Release|x86.ActiveCfg = Release|Any CPU
		{012C1A13-7463-4845-AE77-E1F5C30FC228}.Release|x86.Build.0 = Release|Any CPU
		{87E61430-4243-45F2-B74E-0A4C096CEBF3}.Debug|Any CPU.ActiveCfg = Debug|Any CPU
		{87E61430-4243-45F2-B74E-0A4C096CEBF3}.Debug|Any CPU.Build.0 = Debug|Any CPU
		{87E61430-4243-45F2-B74E-0A4C096CEBF3}.Debug|x64.ActiveCfg = Debug|x64
		{87E61430-4243-45F2-B74E-0A4C096CEBF3}.Debug|x64.Build.0 = Debug|x64
		{87E61430-4243-45F2-B74E-0A4C096CEBF3}.Debug|x86.ActiveCfg = Debug|Any CPU
		{87E61430-4243-45F2-B74E-0A4C096CEBF3}.Debug|x86.Build.0 = Debug|Any CPU
		{87E61430-4243-45F2-B74E-0A4C096CEBF3}.Release|Any CPU.ActiveCfg = Release|Any CPU
		{87E61430-4243-45F2-B74E-0A4C096CEBF3}.Release|Any CPU.Build.0 = Release|Any CPU
		{87E61430-4243-45F2-B74E-0A4C096CEBF3}.Release|x64.ActiveCfg = Release|x64
		{87E61430-4243-45F2-B74E-0A4C096CEBF3}.Release|x64.Build.0 = Release|x64
		{87E61430-4243-45F2-B74E-0A4C096CEBF3}.Release|x86.ActiveCfg = Release|Any CPU
		{87E61430-4243-45F2-B74E-0A4C096CEBF3}.Release|x86.Build.0 = Release|Any CPU
		{482AD327-6622-412C-86FF-A6CC9D031626}.Debug|Any CPU.ActiveCfg = Debug|Any CPU
		{482AD327-6622-412C-86FF-A6CC9D031626}.Debug|Any CPU.Build.0 = Debug|Any CPU
		{482AD327-6622-412C-86FF-A6CC9D031626}.Debug|x64.ActiveCfg = Debug|x64
		{482AD327-6622-412C-86FF-A6CC9D031626}.Debug|x64.Build.0 = Debug|x64
		{482AD327-6622-412C-86FF-A6CC9D031626}.Debug|x86.ActiveCfg = Debug|Any CPU
		{482AD327-6622-412C-86FF-A6CC9D031626}.Debug|x86.Build.0 = Debug|Any CPU
		{482AD327-6622-412C-86FF-A6CC9D031626}.Release|Any CPU.ActiveCfg = Release|Any CPU
		{482AD327-6622-412C-86FF-A6CC9D031626}.Release|Any CPU.Build.0 = Release|Any CPU
		{482AD327-6622-412C-86FF-A6CC9D031626}.Release|x64.ActiveCfg = Release|x64
		{482AD327-6622-412C-86FF-A6CC9D031626}.Release|x64.Build.0 = Release|x64
		{482AD327-6622-412C-86FF-A6CC9D031626}.Release|x86.ActiveCfg = Release|Any CPU
		{482AD327-6622-412C-86FF-A6CC9D031626}.Release|x86.Build.0 = Release|Any CPU
		{3FBB7AA4-057A-4BE2-9E76-9B0CAEC33DE6}.Debug|Any CPU.ActiveCfg = Debug|Any CPU
		{3FBB7AA4-057A-4BE2-9E76-9B0CAEC33DE6}.Debug|Any CPU.Build.0 = Debug|Any CPU
		{3FBB7AA4-057A-4BE2-9E76-9B0CAEC33DE6}.Debug|x64.ActiveCfg = Debug|Any CPU
		{3FBB7AA4-057A-4BE2-9E76-9B0CAEC33DE6}.Debug|x64.Build.0 = Debug|Any CPU
		{3FBB7AA4-057A-4BE2-9E76-9B0CAEC33DE6}.Debug|x86.ActiveCfg = Debug|Any CPU
		{3FBB7AA4-057A-4BE2-9E76-9B0CAEC33DE6}.Debug|x86.Build.0 = Debug|Any CPU
		{3FBB7AA4-057A-4BE2-9E76-9B0CAEC33DE6}.Release|Any CPU.ActiveCfg = Release|Any CPU
		{3FBB7AA4-057A-4BE2-9E76-9B0CAEC33DE6}.Release|Any CPU.Build.0 = Release|Any CPU
		{3FBB7AA4-057A-4BE2-9E76-9B0CAEC33DE6}.Release|x64.ActiveCfg = Release|Any CPU
		{3FBB7AA4-057A-4BE2-9E76-9B0CAEC33DE6}.Release|x64.Build.0 = Release|Any CPU
		{3FBB7AA4-057A-4BE2-9E76-9B0CAEC33DE6}.Release|x86.ActiveCfg = Release|Any CPU
		{3FBB7AA4-057A-4BE2-9E76-9B0CAEC33DE6}.Release|x86.Build.0 = Release|Any CPU
		{B38A4E4B-1388-4835-90DC-189496ECAD74}.Debug|Any CPU.ActiveCfg = Debug|Any CPU
		{B38A4E4B-1388-4835-90DC-189496ECAD74}.Debug|Any CPU.Build.0 = Debug|Any CPU
		{B38A4E4B-1388-4835-90DC-189496ECAD74}.Debug|x64.ActiveCfg = Debug|Any CPU
		{B38A4E4B-1388-4835-90DC-189496ECAD74}.Debug|x64.Build.0 = Debug|Any CPU
		{B38A4E4B-1388-4835-90DC-189496ECAD74}.Debug|x86.ActiveCfg = Debug|Any CPU
		{B38A4E4B-1388-4835-90DC-189496ECAD74}.Debug|x86.Build.0 = Debug|Any CPU
		{B38A4E4B-1388-4835-90DC-189496ECAD74}.Release|Any CPU.ActiveCfg = Release|Any CPU
		{B38A4E4B-1388-4835-90DC-189496ECAD74}.Release|Any CPU.Build.0 = Release|Any CPU
		{B38A4E4B-1388-4835-90DC-189496ECAD74}.Release|x64.ActiveCfg = Release|Any CPU
		{B38A4E4B-1388-4835-90DC-189496ECAD74}.Release|x64.Build.0 = Release|Any CPU
		{B38A4E4B-1388-4835-90DC-189496ECAD74}.Release|x86.ActiveCfg = Release|Any CPU
		{B38A4E4B-1388-4835-90DC-189496ECAD74}.Release|x86.Build.0 = Release|Any CPU
	EndGlobalSection
	GlobalSection(SolutionProperties) = preSolution
		HideSolutionNode = FALSE
	EndGlobalSection
	GlobalSection(NestedProjects) = preSolution
		{4007B575-FEE9-4959-B81A-436E51258451} = {FC5B32E5-7BF7-462C-BDEF-1C939D9B7ADE}
		{9BC64F67-33C2-4A01-B09E-6E2DEF9F7C7F} = {FC5B32E5-7BF7-462C-BDEF-1C939D9B7ADE}
		{50E85E96-5A2F-46A9-87D3-9407981AEEA1} = {FC5B32E5-7BF7-462C-BDEF-1C939D9B7ADE}
		{AEB73D39-8F98-4B1E-83F9-B50477299774} = {FC5B32E5-7BF7-462C-BDEF-1C939D9B7ADE}
		{3A6581B3-94D2-47D0-B4AF-E182D15EBBBE} = {FC5B32E5-7BF7-462C-BDEF-1C939D9B7ADE}
		{07A59F91-59D0-41EF-96A5-3CE699BFB68D} = {FC5B32E5-7BF7-462C-BDEF-1C939D9B7ADE}
		{11A1623A-E83D-450D-A013-F54BF2887715} = {FC5B32E5-7BF7-462C-BDEF-1C939D9B7ADE}
		{C7850D7D-A231-4CE4-BC75-9787F59BCC75} = {FC5B32E5-7BF7-462C-BDEF-1C939D9B7ADE}
		{0D77FD7C-DF0D-4C9E-91DD-0C19B118EDAF} = {FC5B32E5-7BF7-462C-BDEF-1C939D9B7ADE}
		{B1CFA372-FE3F-4CB6-94D4-D7FFF1A55F1D} = {FC5B32E5-7BF7-462C-BDEF-1C939D9B7ADE}
		{62DBA0E8-7F0C-4575-A907-B0D153F51524} = {FC5B32E5-7BF7-462C-BDEF-1C939D9B7ADE}
		{AC2D1C88-799C-4A61-9899-1656E3AA8FD3} = {FC5B32E5-7BF7-462C-BDEF-1C939D9B7ADE}
		{012C1A13-7463-4845-AE77-E1F5C30FC228} = {FC5B32E5-7BF7-462C-BDEF-1C939D9B7ADE}
		{87E61430-4243-45F2-B74E-0A4C096CEBF3} = {FC5B32E5-7BF7-462C-BDEF-1C939D9B7ADE}
		{482AD327-6622-412C-86FF-A6CC9D031626} = {FC5B32E5-7BF7-462C-BDEF-1C939D9B7ADE}
		{B38A4E4B-1388-4835-90DC-189496ECAD74} = {FC5B32E5-7BF7-462C-BDEF-1C939D9B7ADE}
	EndGlobalSection
	GlobalSection(ExtensibilityGlobals) = postSolution
		SolutionGuid = {21056437-B11E-4586-B769-DB630862148A}
	EndGlobalSection
EndGlobal
