
Microsoft Visual Studio Solution File, Format Version 12.00
# Visual Studio Version 16
VisualStudioVersion = 16.0.29503.13
MinimumVisualStudioVersion = 10.0.40219.1
Project("{2150E333-8FDC-42A3-9474-1A3956D46DE8}") = "Libraries", "Libraries", "{FC5B32E5-7BF7-462C-BDEF-1C939D9B7ADE}"
EndProject
Project("{2150E333-8FDC-42A3-9474-1A3956D46DE8}") = "TestBench", "TestBench", "{B87C5785-D739-49E5-8A0B-DE630B86A687}"
EndProject
Project("{FAE04EC0-301F-11D3-BF4B-00C04F79EFBC}") = "Hywire.CommLibrary", "..\..\Libraries\Hywire.CommLibrary\Hywire.CommLibrary.csproj", "{4007B575-FEE9-4959-B81A-436E51258451}"
EndProject
Project("{FAE04EC0-301F-11D3-BF4B-00C04F79EFBC}") = "PVCAM.NET", "..\..\Libraries\PVCam.NET\PVCAM\PVCAM.NET.csproj", "{9BC64F67-33C2-4A01-B09E-6E2DEF9F7C7F}"
EndProject
Project("{FAE04EC0-301F-11D3-BF4B-00C04F79EFBC}") = "Hywire.ChartDisplayTest", "..\..\TestBench\Hywire.ChartDisplayTest\Hywire.ChartDisplayTest.csproj", "{608A43B5-782E-4FB3-90F2-78384A29F656}"
EndProject
Project("{FAE04EC0-301F-11D3-BF4B-00C04F79EFBC}") = "Hywire.ALF.ZStageTest", "..\..\TestBench\Hywire.ALF.ZStageTest\Hywire.ALF.ZStageTest.csproj", "{16955C85-D84C-45E5-A954-10BEB5C2F1EE}"
EndProject
Project("{FAE04EC0-301F-11D3-BF4B-00C04F79EFBC}") = "Hywire.ALF.ValveTest", "..\..\TestBench\Hywire.ALF.ValveTest\Hywire.ALF.ValveTest.csproj", "{2583AE49-B552-4D2E-B0E1-AB836F20ADE4}"
EndProject
Project("{FAE04EC0-301F-11D3-BF4B-00C04F79EFBC}") = "Hywire.ALF.PumpTest", "..\..\TestBench\Hywire.ALF.PumpTest\Hywire.ALF.PumpTest.csproj", "{B1354B75-EC7D-49BC-9FF0-014402087308}"
EndProject
Project("{FAE04EC0-301F-11D3-BF4B-00C04F79EFBC}") = "Hywire.ALF.ImageSharpnessTest", "..\..\TestBench\Hywire.ALF.ImageSharpnessTest\Hywire.ALF.ImageSharpnessTest.csproj", "{5E1524AF-82BA-41AB-B0FF-D2354C998B8B}"
EndProject
Project("{FAE04EC0-301F-11D3-BF4B-00C04F79EFBC}") = "Sequlite.CameraLib", "..\..\Libraries\Sequlite.CameraLib\Sequlite.CameraLib.csproj", "{50E85E96-5A2F-46A9-87D3-9407981AEEA1}"
EndProject
Project("{FAE04EC0-301F-11D3-BF4B-00C04F79EFBC}") = "Sequlite.Image.Processing", "..\..\Libraries\Sequlite.Image.Processing\Sequlite.Image.Processing.csproj", "{AEB73D39-8F98-4B1E-83F9-B50477299774}"
EndProject
Project("{FAE04EC0-301F-11D3-BF4B-00C04F79EFBC}") = "Sequlite.WPF.Framework", "..\..\Libraries\Sequlite.WPF.Framework\Sequlite.WPF.Framework.csproj", "{3A6581B3-94D2-47D0-B4AF-E182D15EBBBE}"
EndProject
Project("{FAE04EC0-301F-11D3-BF4B-00C04F79EFBC}") = "Sequlite.ALF.Fluidics", "..\..\Libraries\Sequlite.ALF.Fluidics\Sequlite.ALF.Fluidics.csproj", "{07A59F91-59D0-41EF-96A5-3CE699BFB68D}"
EndProject
Project("{FAE04EC0-301F-11D3-BF4B-00C04F79EFBC}") = "Sequlite.ALF.Imaging", "..\..\Libraries\Sequlite.ALF.Imaging\Sequlite.ALF.Imaging.csproj", "{11A1623A-E83D-450D-A013-F54BF2887715}"
EndProject
Project("{FAE04EC0-301F-11D3-BF4B-00C04F79EFBC}") = "Sequlite.ALF.MainBoard", "..\..\Libraries\Sequlite.ALF.MainBoard\Sequlite.ALF.MainBoard.csproj", "{C7850D7D-A231-4CE4-BC75-9787F59BCC75}"
EndProject
Project("{FAE04EC0-301F-11D3-BF4B-00C04F79EFBC}") = "Sequlite.ALF.MotionControl", "..\..\Libraries\Sequlite.ALF.MotionControl\Sequlite.ALF.MotionControl.csproj", "{0D77FD7C-DF0D-4C9E-91DD-0C19B118EDAF}"
EndProject
Project("{FAE04EC0-301F-11D3-BF4B-00C04F79EFBC}") = "Sequlite.ALF.RecipeLib", "..\..\Libraries\Sequlite.ALF.RecipeLib\Sequlite.ALF.RecipeLib.csproj", "{B1CFA372-FE3F-4CB6-94D4-D7FFF1A55F1D}"
EndProject
Project("{FAE04EC0-301F-11D3-BF4B-00C04F79EFBC}") = "Sequlite.BadImageCheck", "..\..\TestBench\Sequlite.BadImageCheck\Sequlite.BadImageCheck.csproj", "{CAC6E1FE-20EB-48AB-8A15-AD4EA4031217}"
EndProject
Project("{FAE04EC0-301F-11D3-BF4B-00C04F79EFBC}") = "Sequlite.ALF.Common", "..\..\Libraries\Sequlite.ALF.Common\Sequlite.ALF.Common.csproj", "{62DBA0E8-7F0C-4575-A907-B0D153F51524}"
EndProject
Project("{FAE04EC0-301F-11D3-BF4B-00C04F79EFBC}") = "Hywire.MotionControl", "..\..\Libraries\Hywire.MotionControl\Hywire.MotionControl.csproj", "{AC2D1C88-799C-4A61-9899-1656E3AA8FD3}"
EndProject
Project("{FAE04EC0-301F-11D3-BF4B-00C04F79EFBC}") = "Hywire.MotionControllerTest", "..\..\TestBench\Hywire.MotionControllerTest\Hywire.MotionControllerTest.csproj", "{BDE1E805-07F4-4A62-BD2F-F1D37FAC68E3}"
EndProject
Project("{FAE04EC0-301F-11D3-BF4B-00C04F79EFBC}") = "Hywire.ALF.EthernetCameraTest", "..\..\TestBench\Hywire.ALF.EthernetCameraTest\Hywire.ALF.EthernetCameraTest.csproj", "{DC6FF2D6-D69C-43A6-A894-9B6D793079E4}"
EndProject
Project("{FAE04EC0-301F-11D3-BF4B-00C04F79EFBC}") = "Hywire.ALF.PDCurveTest", "..\..\TestBench\Hywire.ALF.PDCurveTest\Hywire.ALF.PDCurveTest.csproj", "{953EEDAD-68E0-4286-9B8A-C054F4949B3B}"
EndProject
Project("{FAE04EC0-301F-11D3-BF4B-00C04F79EFBC}") = "Hywire.ALF.LEDTest", "..\..\TestBench\Hywire.ALF.LEDTest\Hywire.ALF.LEDTest.csproj", "{C1301CE8-C829-42E4-9C70-23B1F8B7934A}"
EndProject
Project("{FAE04EC0-301F-11D3-BF4B-00C04F79EFBC}") = "Sequlite.ALF.SerialPeripherals", "..\..\Libraries\Sequlite.ALF.SerialPeripherals\Sequlite.ALF.SerialPeripherals.csproj", "{012C1A13-7463-4845-AE77-E1F5C30FC228}"
EndProject
Project("{FAE04EC0-301F-11D3-BF4B-00C04F79EFBC}") = "Hywire.ALF.BarCodeReaderTest", "..\..\TestBench\Hywire.ALF.BarCodeReaderTest\Hywire.ALF.BarCodeReaderTest.csproj", "{00C07363-5D4E-426B-A457-A0C2A490B647}"
EndProject
Project("{FAE04EC0-301F-11D3-BF4B-00C04F79EFBC}") = "Hywire.TecanDevicesTest", "..\..\TestBench\Hywire.TecanDevicesTest\Hywire.TecanDevicesTest.csproj", "{4A9C5D4A-79CD-422E-BC54-A2B20BC9EC8C}"
EndProject
Project("{FAE04EC0-301F-11D3-BF4B-00C04F79EFBC}") = "Hywire.ALFRev2.CustomDevicesTest", "..\..\TestBench\Hywire.ALFRev2.CustomDevicesTest\Hywire.ALFRev2.CustomDevicesTest.csproj", "{FCCB7C0B-9098-4CA5-9648-82281E862493}"
EndProject
Project("{FAE04EC0-301F-11D3-BF4B-00C04F79EFBC}") = "AvalonDock", "..\..\Libraries\AvalonDock\Version1.3\AvalonDock\AvalonDock.csproj", "{87E61430-4243-45F2-B74E-0A4C096CEBF3}"
EndProject
Project("{FAE04EC0-301F-11D3-BF4B-00C04F79EFBC}") = "AvalonDockMVVM", "..\..\Libraries\AvalonDock\Version1.3\AvalonDockMVVM\AvalonDockMVVM.csproj", "{482AD327-6622-412C-86FF-A6CC9D031626}"
EndProject
Project("{FAE04EC0-301F-11D3-BF4B-00C04F79EFBC}") = "Hywire.ALF.RFIDTest", "..\..\TestBench\Hywire.ALF.RFIDTest\Hywire.ALF.RFIDTest.csproj", "{B7C70825-3784-44B7-92EF-12B94BFCE4B5}"
EndProject
Project("{FAE04EC0-301F-11D3-BF4B-00C04F79EFBC}") = "Sequlite.ALF.FirmwareUpgrader", "..\Sequlite.ALF.FirmwareUpgrader\Sequlite.ALF.FirmwareUpgrader.csproj", "{F3906FC6-748C-45B8-A888-C8A3F52AB8FA}"
EndProject
Project("{FAE04EC0-301F-11D3-BF4B-00C04F79EFBC}") = "Hywire.ALF.TemperatureController", "..\..\TestBench\Hywire.ALF.TemperatureController\Hywire.ALF.TemperatureController.csproj", "{980F9ADD-5D74-4253-A958-3BDC72084FAA}"
EndProject
Project("{FAE04EC0-301F-11D3-BF4B-00C04F79EFBC}") = "Sequlite.ALF.MotionFwUpgrader", "..\Sequlite.ALF.MotionFwUpgrader\Sequlite.ALF.MotionFwUpgrader.csproj", "{D26D6DB3-CAD1-4923-85D0-4D845FF473EA}"
EndProject
Project("{FAE04EC0-301F-11D3-BF4B-00C04F79EFBC}") = "Hywire.ALF.XStageDynamicImaging", "..\..\TestBench\Hywire.ALF.XStageDynamicImaging\Hywire.ALF.XStageDynamicImaging.csproj", "{51BC452C-8600-47BE-8F2E-1D12020A4DEC}"
EndProject
Project("{FAE04EC0-301F-11D3-BF4B-00C04F79EFBC}") = "Hywire.ALF.SerialPortTest", "..\..\TestBench\Hywire.ALF.SerialPortTest\Hywire.ALF.SerialPortTest.csproj", "{08AEAD6D-4D27-47EE-9502-C6FB71111624}"
EndProject
Global
	GlobalSection(SolutionConfigurationPlatforms) = preSolution
		Debug|Any CPU = Debug|Any CPU
		Debug|x64 = Debug|x64
		Debug|x86 = Debug|x86
		Release|Any CPU = Release|Any CPU
		Release|x64 = Release|x64
		Release|x86 = Release|x86
	EndGlobalSection
	GlobalSection(ProjectConfigurationPlatforms) = postSolution
		{4007B575-FEE9-4959-B81A-436E51258451}.Debug|Any CPU.ActiveCfg = Debug|Any CPU
		{4007B575-FEE9-4959-B81A-436E51258451}.Debug|Any CPU.Build.0 = Debug|Any CPU
		{4007B575-FEE9-4959-B81A-436E51258451}.Debug|x64.ActiveCfg = Debug|Any CPU
		{4007B575-FEE9-4959-B81A-436E51258451}.Debug|x64.Build.0 = Debug|Any CPU
		{4007B575-FEE9-4959-B81A-436E51258451}.Debug|x86.ActiveCfg = Debug|Any CPU
		{4007B575-FEE9-4959-B81A-436E51258451}.Debug|x86.Build.0 = Debug|Any CPU
		{4007B575-FEE9-4959-B81A-436E51258451}.Release|Any CPU.ActiveCfg = Release|Any CPU
		{4007B575-FEE9-4959-B81A-436E51258451}.Release|Any CPU.Build.0 = Release|Any CPU
		{4007B575-FEE9-4959-B81A-436E51258451}.Release|x64.ActiveCfg = Release|Any CPU
		{4007B575-FEE9-4959-B81A-436E51258451}.Release|x64.Build.0 = Release|Any CPU
		{4007B575-FEE9-4959-B81A-436E51258451}.Release|x86.ActiveCfg = Release|Any CPU
		{4007B575-FEE9-4959-B81A-436E51258451}.Release|x86.Build.0 = Release|Any CPU
		{9BC64F67-33C2-4A01-B09E-6E2DEF9F7C7F}.Debug|Any CPU.ActiveCfg = Debug|Any CPU
		{9BC64F67-33C2-4A01-B09E-6E2DEF9F7C7F}.Debug|Any CPU.Build.0 = Debug|Any CPU
		{9BC64F67-33C2-4A01-B09E-6E2DEF9F7C7F}.Debug|x64.ActiveCfg = Debug|Any CPU
		{9BC64F67-33C2-4A01-B09E-6E2DEF9F7C7F}.Debug|x64.Build.0 = Debug|Any CPU
		{9BC64F67-33C2-4A01-B09E-6E2DEF9F7C7F}.Debug|x86.ActiveCfg = Debug|x86
		{9BC64F67-33C2-4A01-B09E-6E2DEF9F7C7F}.Debug|x86.Build.0 = Debug|x86
		{9BC64F67-33C2-4A01-B09E-6E2DEF9F7C7F}.Release|Any CPU.ActiveCfg = Release|Any CPU
		{9BC64F67-33C2-4A01-B09E-6E2DEF9F7C7F}.Release|Any CPU.Build.0 = Release|Any CPU
		{9BC64F67-33C2-4A01-B09E-6E2DEF9F7C7F}.Release|x64.ActiveCfg = Release|Any CPU
		{9BC64F67-33C2-4A01-B09E-6E2DEF9F7C7F}.Release|x64.Build.0 = Release|Any CPU
		{9BC64F67-33C2-4A01-B09E-6E2DEF9F7C7F}.Release|x86.ActiveCfg = Release|x86
		{9BC64F67-33C2-4A01-B09E-6E2DEF9F7C7F}.Release|x86.Build.0 = Release|x86
		{608A43B5-782E-4FB3-90F2-78384A29F656}.Debug|Any CPU.ActiveCfg = Debug|Any CPU
		{608A43B5-782E-4FB3-90F2-78384A29F656}.Debug|Any CPU.Build.0 = Debug|Any CPU
		{608A43B5-782E-4FB3-90F2-78384A29F656}.Debug|x64.ActiveCfg = Debug|Any CPU
		{608A43B5-782E-4FB3-90F2-78384A29F656}.Debug|x64.Build.0 = Debug|Any CPU
		{608A43B5-782E-4FB3-90F2-78384A29F656}.Debug|x86.ActiveCfg = Debug|Any CPU
		{608A43B5-782E-4FB3-90F2-78384A29F656}.Debug|x86.Build.0 = Debug|Any CPU
		{608A43B5-782E-4FB3-90F2-78384A29F656}.Release|Any CPU.ActiveCfg = Release|Any CPU
		{608A43B5-782E-4FB3-90F2-78384A29F656}.Release|Any CPU.Build.0 = Release|Any CPU
		{608A43B5-782E-4FB3-90F2-78384A29F656}.Release|x64.ActiveCfg = Release|Any CPU
		{608A43B5-782E-4FB3-90F2-78384A29F656}.Release|x64.Build.0 = Release|Any CPU
		{608A43B5-782E-4FB3-90F2-78384A29F656}.Release|x86.ActiveCfg = Release|Any CPU
		{608A43B5-782E-4FB3-90F2-78384A29F656}.Release|x86.Build.0 = Release|Any CPU
		{16955C85-D84C-45E5-A954-10BEB5C2F1EE}.Debug|Any CPU.ActiveCfg = Debug|Any CPU
		{16955C85-D84C-45E5-A954-10BEB5C2F1EE}.Debug|Any CPU.Build.0 = Debug|Any CPU
		{16955C85-D84C-45E5-A954-10BEB5C2F1EE}.Debug|x64.ActiveCfg = Debug|Any CPU
		{16955C85-D84C-45E5-A954-10BEB5C2F1EE}.Debug|x64.Build.0 = Debug|Any CPU
		{16955C85-D84C-45E5-A954-10BEB5C2F1EE}.Debug|x86.ActiveCfg = Debug|Any CPU
		{16955C85-D84C-45E5-A954-10BEB5C2F1EE}.Debug|x86.Build.0 = Debug|Any CPU
		{16955C85-D84C-45E5-A954-10BEB5C2F1EE}.Release|Any CPU.ActiveCfg = Release|Any CPU
		{16955C85-D84C-45E5-A954-10BEB5C2F1EE}.Release|Any CPU.Build.0 = Release|Any CPU
		{16955C85-D84C-45E5-A954-10BEB5C2F1EE}.Release|x64.ActiveCfg = Release|Any CPU
		{16955C85-D84C-45E5-A954-10BEB5C2F1EE}.Release|x64.Build.0 = Release|Any CPU
		{16955C85-D84C-45E5-A954-10BEB5C2F1EE}.Release|x86.ActiveCfg = Release|Any CPU
		{16955C85-D84C-45E5-A954-10BEB5C2F1EE}.Release|x86.Build.0 = Release|Any CPU
		{2583AE49-B552-4D2E-B0E1-AB836F20ADE4}.Debug|Any CPU.ActiveCfg = Debug|Any CPU
		{2583AE49-B552-4D2E-B0E1-AB836F20ADE4}.Debug|Any CPU.Build.0 = Debug|Any CPU
		{2583AE49-B552-4D2E-B0E1-AB836F20ADE4}.Debug|x64.ActiveCfg = Debug|Any CPU
		{2583AE49-B552-4D2E-B0E1-AB836F20ADE4}.Debug|x64.Build.0 = Debug|Any CPU
		{2583AE49-B552-4D2E-B0E1-AB836F20ADE4}.Debug|x86.ActiveCfg = Debug|Any CPU
		{2583AE49-B552-4D2E-B0E1-AB836F20ADE4}.Debug|x86.Build.0 = Debug|Any CPU
		{2583AE49-B552-4D2E-B0E1-AB836F20ADE4}.Release|Any CPU.ActiveCfg = Release|Any CPU
		{2583AE49-B552-4D2E-B0E1-AB836F20ADE4}.Release|Any CPU.Build.0 = Release|Any CPU
		{2583AE49-B552-4D2E-B0E1-AB836F20ADE4}.Release|x64.ActiveCfg = Release|Any CPU
		{2583AE49-B552-4D2E-B0E1-AB836F20ADE4}.Release|x64.Build.0 = Release|Any CPU
		{2583AE49-B552-4D2E-B0E1-AB836F20ADE4}.Release|x86.ActiveCfg = Release|Any CPU
		{2583AE49-B552-4D2E-B0E1-AB836F20ADE4}.Release|x86.Build.0 = Release|Any CPU
		{B1354B75-EC7D-49BC-9FF0-014402087308}.Debug|Any CPU.ActiveCfg = Debug|Any CPU
		{B1354B75-EC7D-49BC-9FF0-014402087308}.Debug|Any CPU.Build.0 = Debug|Any CPU
		{B1354B75-EC7D-49BC-9FF0-014402087308}.Debug|x64.ActiveCfg = Debug|Any CPU
		{B1354B75-EC7D-49BC-9FF0-014402087308}.Debug|x64.Build.0 = Debug|Any CPU
		{B1354B75-EC7D-49BC-9FF0-014402087308}.Debug|x86.ActiveCfg = Debug|Any CPU
		{B1354B75-EC7D-49BC-9FF0-014402087308}.Debug|x86.Build.0 = Debug|Any CPU
		{B1354B75-EC7D-49BC-9FF0-014402087308}.Release|Any CPU.ActiveCfg = Release|Any CPU
		{B1354B75-EC7D-49BC-9FF0-014402087308}.Release|Any CPU.Build.0 = Release|Any CPU
		{B1354B75-EC7D-49BC-9FF0-014402087308}.Release|x64.ActiveCfg = Release|Any CPU
		{B1354B75-EC7D-49BC-9FF0-014402087308}.Release|x64.Build.0 = Release|Any CPU
		{B1354B75-EC7D-49BC-9FF0-014402087308}.Release|x86.ActiveCfg = Release|Any CPU
		{B1354B75-EC7D-49BC-9FF0-014402087308}.Release|x86.Build.0 = Release|Any CPU
		{5E1524AF-82BA-41AB-B0FF-D2354C998B8B}.Debug|Any CPU.ActiveCfg = Debug|Any CPU
		{5E1524AF-82BA-41AB-B0FF-D2354C998B8B}.Debug|Any CPU.Build.0 = Debug|Any CPU
		{5E1524AF-82BA-41AB-B0FF-D2354C998B8B}.Debug|x64.ActiveCfg = Debug|Any CPU
		{5E1524AF-82BA-41AB-B0FF-D2354C998B8B}.Debug|x64.Build.0 = Debug|Any CPU
		{5E1524AF-82BA-41AB-B0FF-D2354C998B8B}.Debug|x86.ActiveCfg = Debug|Any CPU
		{5E1524AF-82BA-41AB-B0FF-D2354C998B8B}.Debug|x86.Build.0 = Debug|Any CPU
		{5E1524AF-82BA-41AB-B0FF-D2354C998B8B}.Release|Any CPU.ActiveCfg = Release|Any CPU
		{5E1524AF-82BA-41AB-B0FF-D2354C998B8B}.Release|Any CPU.Build.0 = Release|Any CPU
		{5E1524AF-82BA-41AB-B0FF-D2354C998B8B}.Release|x64.ActiveCfg = Release|Any CPU
		{5E1524AF-82BA-41AB-B0FF-D2354C998B8B}.Release|x64.Build.0 = Release|Any CPU
		{5E1524AF-82BA-41AB-B0FF-D2354C998B8B}.Release|x86.ActiveCfg = Release|Any CPU
		{5E1524AF-82BA-41AB-B0FF-D2354C998B8B}.Release|x86.Build.0 = Release|Any CPU
		{50E85E96-5A2F-46A9-87D3-9407981AEEA1}.Debug|Any CPU.ActiveCfg = Debug|Any CPU
		{50E85E96-5A2F-46A9-87D3-9407981AEEA1}.Debug|Any CPU.Build.0 = Debug|Any CPU
		{50E85E96-5A2F-46A9-87D3-9407981AEEA1}.Debug|x64.ActiveCfg = Debug|x64
		{50E85E96-5A2F-46A9-87D3-9407981AEEA1}.Debug|x64.Build.0 = Debug|x64
		{50E85E96-5A2F-46A9-87D3-9407981AEEA1}.Debug|x86.ActiveCfg = Debug|Any CPU
		{50E85E96-5A2F-46A9-87D3-9407981AEEA1}.Debug|x86.Build.0 = Debug|Any CPU
		{50E85E96-5A2F-46A9-87D3-9407981AEEA1}.Release|Any CPU.ActiveCfg = Release|Any CPU
		{50E85E96-5A2F-46A9-87D3-9407981AEEA1}.Release|Any CPU.Build.0 = Release|Any CPU
		{50E85E96-5A2F-46A9-87D3-9407981AEEA1}.Release|x64.ActiveCfg = Release|x64
		{50E85E96-5A2F-46A9-87D3-9407981AEEA1}.Release|x64.Build.0 = Release|x64
		{50E85E96-5A2F-46A9-87D3-9407981AEEA1}.Release|x86.ActiveCfg = Release|Any CPU
		{50E85E96-5A2F-46A9-87D3-9407981AEEA1}.Release|x86.Build.0 = Release|Any CPU
		{AEB73D39-8F98-4B1E-83F9-B50477299774}.Debug|Any CPU.ActiveCfg = Debug|Any CPU
		{AEB73D39-8F98-4B1E-83F9-B50477299774}.Debug|Any CPU.Build.0 = Debug|Any CPU
		{AEB73D39-8F98-4B1E-83F9-B50477299774}.Debug|x64.ActiveCfg = Debug|x64
		{AEB73D39-8F98-4B1E-83F9-B50477299774}.Debug|x64.Build.0 = Debug|x64
		{AEB73D39-8F98-4B1E-83F9-B50477299774}.Debug|x86.ActiveCfg = Debug|Any CPU
		{AEB73D39-8F98-4B1E-83F9-B50477299774}.Debug|x86.Build.0 = Debug|Any CPU
		{AEB73D39-8F98-4B1E-83F9-B50477299774}.Release|Any CPU.ActiveCfg = Release|Any CPU
		{AEB73D39-8F98-4B1E-83F9-B50477299774}.Release|Any CPU.Build.0 = Release|Any CPU
		{AEB73D39-8F98-4B1E-83F9-B50477299774}.Release|x64.ActiveCfg = Release|x64
		{AEB73D39-8F98-4B1E-83F9-B50477299774}.Release|x64.Build.0 = Release|x64
		{AEB73D39-8F98-4B1E-83F9-B50477299774}.Release|x86.ActiveCfg = Release|Any CPU
		{AEB73D39-8F98-4B1E-83F9-B50477299774}.Release|x86.Build.0 = Release|Any CPU
		{3A6581B3-94D2-47D0-B4AF-E182D15EBBBE}.Debug|Any CPU.ActiveCfg = Debug|Any CPU
		{3A6581B3-94D2-47D0-B4AF-E182D15EBBBE}.Debug|Any CPU.Build.0 = Debug|Any CPU
		{3A6581B3-94D2-47D0-B4AF-E182D15EBBBE}.Debug|x64.ActiveCfg = Debug|x64
		{3A6581B3-94D2-47D0-B4AF-E182D15EBBBE}.Debug|x64.Build.0 = Debug|x64
		{3A6581B3-94D2-47D0-B4AF-E182D15EBBBE}.Debug|x86.ActiveCfg = Debug|Any CPU
		{3A6581B3-94D2-47D0-B4AF-E182D15EBBBE}.Debug|x86.Build.0 = Debug|Any CPU
		{3A6581B3-94D2-47D0-B4AF-E182D15EBBBE}.Release|Any CPU.ActiveCfg = Release|Any CPU
		{3A6581B3-94D2-47D0-B4AF-E182D15EBBBE}.Release|Any CPU.Build.0 = Release|Any CPU
		{3A6581B3-94D2-47D0-B4AF-E182D15EBBBE}.Release|x64.ActiveCfg = Release|x64
		{3A6581B3-94D2-47D0-B4AF-E182D15EBBBE}.Release|x64.Build.0 = Release|x64
		{3A6581B3-94D2-47D0-B4AF-E182D15EBBBE}.Release|x86.ActiveCfg = Release|Any CPU
		{3A6581B3-94D2-47D0-B4AF-E182D15EBBBE}.Release|x86.Build.0 = Release|Any CPU
		{07A59F91-59D0-41EF-96A5-3CE699BFB68D}.Debug|Any CPU.ActiveCfg = Debug|Any CPU
		{07A59F91-59D0-41EF-96A5-3CE699BFB68D}.Debug|Any CPU.Build.0 = Debug|Any CPU
		{07A59F91-59D0-41EF-96A5-3CE699BFB68D}.Debug|x64.ActiveCfg = Debug|Any CPU
		{07A59F91-59D0-41EF-96A5-3CE699BFB68D}.Debug|x64.Build.0 = Debug|Any CPU
		{07A59F91-59D0-41EF-96A5-3CE699BFB68D}.Debug|x86.ActiveCfg = Debug|Any CPU
		{07A59F91-59D0-41EF-96A5-3CE699BFB68D}.Debug|x86.Build.0 = Debug|Any CPU
		{07A59F91-59D0-41EF-96A5-3CE699BFB68D}.Release|Any CPU.ActiveCfg = Release|Any CPU
		{07A59F91-59D0-41EF-96A5-3CE699BFB68D}.Release|Any CPU.Build.0 = Release|Any CPU
		{07A59F91-59D0-41EF-96A5-3CE699BFB68D}.Release|x64.ActiveCfg = Release|Any CPU
		{07A59F91-59D0-41EF-96A5-3CE699BFB68D}.Release|x64.Build.0 = Release|Any CPU
		{07A59F91-59D0-41EF-96A5-3CE699BFB68D}.Release|x86.ActiveCfg = Release|Any CPU
		{07A59F91-59D0-41EF-96A5-3CE699BFB68D}.Release|x86.Build.0 = Release|Any CPU
		{11A1623A-E83D-450D-A013-F54BF2887715}.Debug|Any CPU.ActiveCfg = Debug|Any CPU
		{11A1623A-E83D-450D-A013-F54BF2887715}.Debug|Any CPU.Build.0 = Debug|Any CPU
		{11A1623A-E83D-450D-A013-F54BF2887715}.Debug|x64.ActiveCfg = Debug|Any CPU
		{11A1623A-E83D-450D-A013-F54BF2887715}.Debug|x64.Build.0 = Debug|Any CPU
		{11A1623A-E83D-450D-A013-F54BF2887715}.Debug|x86.ActiveCfg = Debug|Any CPU
		{11A1623A-E83D-450D-A013-F54BF2887715}.Debug|x86.Build.0 = Debug|Any CPU
		{11A1623A-E83D-450D-A013-F54BF2887715}.Release|Any CPU.ActiveCfg = Release|Any CPU
		{11A1623A-E83D-450D-A013-F54BF2887715}.Release|Any CPU.Build.0 = Release|Any CPU
		{11A1623A-E83D-450D-A013-F54BF2887715}.Release|x64.ActiveCfg = Release|Any CPU
		{11A1623A-E83D-450D-A013-F54BF2887715}.Release|x64.Build.0 = Release|Any CPU
		{11A1623A-E83D-450D-A013-F54BF2887715}.Release|x86.ActiveCfg = Release|Any CPU
		{11A1623A-E83D-450D-A013-F54BF2887715}.Release|x86.Build.0 = Release|Any CPU
		{C7850D7D-A231-4CE4-BC75-9787F59BCC75}.Debug|Any CPU.ActiveCfg = Debug|Any CPU
		{C7850D7D-A231-4CE4-BC75-9787F59BCC75}.Debug|Any CPU.Build.0 = Debug|Any CPU
		{C7850D7D-A231-4CE4-BC75-9787F59BCC75}.Debug|x64.ActiveCfg = Debug|Any CPU
		{C7850D7D-A231-4CE4-BC75-9787F59BCC75}.Debug|x64.Build.0 = Debug|Any CPU
		{C7850D7D-A231-4CE4-BC75-9787F59BCC75}.Debug|x86.ActiveCfg = Debug|Any CPU
		{C7850D7D-A231-4CE4-BC75-9787F59BCC75}.Debug|x86.Build.0 = Debug|Any CPU
		{C7850D7D-A231-4CE4-BC75-9787F59BCC75}.Release|Any CPU.ActiveCfg = Release|Any CPU
		{C7850D7D-A231-4CE4-BC75-9787F59BCC75}.Release|Any CPU.Build.0 = Release|Any CPU
		{C7850D7D-A231-4CE4-BC75-9787F59BCC75}.Release|x64.ActiveCfg = Release|Any CPU
		{C7850D7D-A231-4CE4-BC75-9787F59BCC75}.Release|x64.Build.0 = Release|Any CPU
		{C7850D7D-A231-4CE4-BC75-9787F59BCC75}.Release|x86.ActiveCfg = Release|Any CPU
		{C7850D7D-A231-4CE4-BC75-9787F59BCC75}.Release|x86.Build.0 = Release|Any CPU
		{0D77FD7C-DF0D-4C9E-91DD-0C19B118EDAF}.Debug|Any CPU.ActiveCfg = Debug|Any CPU
		{0D77FD7C-DF0D-4C9E-91DD-0C19B118EDAF}.Debug|Any CPU.Build.0 = Debug|Any CPU
		{0D77FD7C-DF0D-4C9E-91DD-0C19B118EDAF}.Debug|x64.ActiveCfg = Debug|Any CPU
		{0D77FD7C-DF0D-4C9E-91DD-0C19B118EDAF}.Debug|x64.Build.0 = Debug|Any CPU
		{0D77FD7C-DF0D-4C9E-91DD-0C19B118EDAF}.Debug|x86.ActiveCfg = Debug|Any CPU
		{0D77FD7C-DF0D-4C9E-91DD-0C19B118EDAF}.Debug|x86.Build.0 = Debug|Any CPU
		{0D77FD7C-DF0D-4C9E-91DD-0C19B118EDAF}.Release|Any CPU.ActiveCfg = Release|Any CPU
		{0D77FD7C-DF0D-4C9E-91DD-0C19B118EDAF}.Release|Any CPU.Build.0 = Release|Any CPU
		{0D77FD7C-DF0D-4C9E-91DD-0C19B118EDAF}.Release|x64.ActiveCfg = Release|Any CPU
		{0D77FD7C-DF0D-4C9E-91DD-0C19B118EDAF}.Release|x64.Build.0 = Release|Any CPU
		{0D77FD7C-DF0D-4C9E-91DD-0C19B118EDAF}.Release|x86.ActiveCfg = Release|Any CPU
		{0D77FD7C-DF0D-4C9E-91DD-0C19B118EDAF}.Release|x86.Build.0 = Release|Any CPU
		{B1CFA372-FE3F-4CB6-94D4-D7FFF1A55F1D}.Debug|Any CPU.ActiveCfg = Debug|Any CPU
		{B1CFA372-FE3F-4CB6-94D4-D7FFF1A55F1D}.Debug|Any CPU.Build.0 = Debug|Any CPU
		{B1CFA372-FE3F-4CB6-94D4-D7FFF1A55F1D}.Debug|x64.ActiveCfg = Debug|Any CPU
		{B1CFA372-FE3F-4CB6-94D4-D7FFF1A55F1D}.Debug|x64.Build.0 = Debug|Any CPU
		{B1CFA372-FE3F-4CB6-94D4-D7FFF1A55F1D}.Debug|x86.ActiveCfg = Debug|Any CPU
		{B1CFA372-FE3F-4CB6-94D4-D7FFF1A55F1D}.Debug|x86.Build.0 = Debug|Any CPU
		{B1CFA372-FE3F-4CB6-94D4-D7FFF1A55F1D}.Release|Any CPU.ActiveCfg = Release|Any CPU
		{B1CFA372-FE3F-4CB6-94D4-D7FFF1A55F1D}.Release|Any CPU.Build.0 = Release|Any CPU
		{B1CFA372-FE3F-4CB6-94D4-D7FFF1A55F1D}.Release|x64.ActiveCfg = Release|Any CPU
		{B1CFA372-FE3F-4CB6-94D4-D7FFF1A55F1D}.Release|x64.Build.0 = Release|Any CPU
		{B1CFA372-FE3F-4CB6-94D4-D7FFF1A55F1D}.Release|x86.ActiveCfg = Release|Any CPU
		{B1CFA372-FE3F-4CB6-94D4-D7FFF1A55F1D}.Release|x86.Build.0 = Release|Any CPU
		{CAC6E1FE-20EB-48AB-8A15-AD4EA4031217}.Debug|Any CPU.ActiveCfg = Debug|Any CPU
		{CAC6E1FE-20EB-48AB-8A15-AD4EA4031217}.Debug|Any CPU.Build.0 = Debug|Any CPU
		{CAC6E1FE-20EB-48AB-8A15-AD4EA4031217}.Debug|x64.ActiveCfg = Debug|Any CPU
		{CAC6E1FE-20EB-48AB-8A15-AD4EA4031217}.Debug|x64.Build.0 = Debug|Any CPU
		{CAC6E1FE-20EB-48AB-8A15-AD4EA4031217}.Debug|x86.ActiveCfg = Debug|Any CPU
		{CAC6E1FE-20EB-48AB-8A15-AD4EA4031217}.Debug|x86.Build.0 = Debug|Any CPU
		{CAC6E1FE-20EB-48AB-8A15-AD4EA4031217}.Release|Any CPU.ActiveCfg = Release|Any CPU
		{CAC6E1FE-20EB-48AB-8A15-AD4EA4031217}.Release|Any CPU.Build.0 = Release|Any CPU
		{CAC6E1FE-20EB-48AB-8A15-AD4EA4031217}.Release|x64.ActiveCfg = Release|Any CPU
		{CAC6E1FE-20EB-48AB-8A15-AD4EA4031217}.Release|x64.Build.0 = Release|Any CPU
		{CAC6E1FE-20EB-48AB-8A15-AD4EA4031217}.Release|x86.ActiveCfg = Release|Any CPU
		{CAC6E1FE-20EB-48AB-8A15-AD4EA4031217}.Release|x86.Build.0 = Release|Any CPU
		{62DBA0E8-7F0C-4575-A907-B0D153F51524}.Debug|Any CPU.ActiveCfg = Debug|Any CPU
		{62DBA0E8-7F0C-4575-A907-B0D153F51524}.Debug|Any CPU.Build.0 = Debug|Any CPU
		{62DBA0E8-7F0C-4575-A907-B0D153F51524}.Debug|x64.ActiveCfg = Debug|Any CPU
		{62DBA0E8-7F0C-4575-A907-B0D153F51524}.Debug|x64.Build.0 = Debug|Any CPU
		{62DBA0E8-7F0C-4575-A907-B0D153F51524}.Debug|x86.ActiveCfg = Debug|Any CPU
		{62DBA0E8-7F0C-4575-A907-B0D153F51524}.Debug|x86.Build.0 = Debug|Any CPU
		{62DBA0E8-7F0C-4575-A907-B0D153F51524}.Release|Any CPU.ActiveCfg = Release|Any CPU
		{62DBA0E8-7F0C-4575-A907-B0D153F51524}.Release|Any CPU.Build.0 = Release|Any CPU
		{62DBA0E8-7F0C-4575-A907-B0D153F51524}.Release|x64.ActiveCfg = Release|Any CPU
		{62DBA0E8-7F0C-4575-A907-B0D153F51524}.Release|x64.Build.0 = Release|Any CPU
		{62DBA0E8-7F0C-4575-A907-B0D153F51524}.Release|x86.ActiveCfg = Release|Any CPU
		{62DBA0E8-7F0C-4575-A907-B0D153F51524}.Release|x86.Build.0 = Release|Any CPU
		{AC2D1C88-799C-4A61-9899-1656E3AA8FD3}.Debug|Any CPU.ActiveCfg = Debug|Any CPU
		{AC2D1C88-799C-4A61-9899-1656E3AA8FD3}.Debug|Any CPU.Build.0 = Debug|Any CPU
		{AC2D1C88-799C-4A61-9899-1656E3AA8FD3}.Debug|x64.ActiveCfg = Debug|Any CPU
		{AC2D1C88-799C-4A61-9899-1656E3AA8FD3}.Debug|x64.Build.0 = Debug|Any CPU
		{AC2D1C88-799C-4A61-9899-1656E3AA8FD3}.Debug|x86.ActiveCfg = Debug|Any CPU
		{AC2D1C88-799C-4A61-9899-1656E3AA8FD3}.Debug|x86.Build.0 = Debug|Any CPU
		{AC2D1C88-799C-4A61-9899-1656E3AA8FD3}.Release|Any CPU.ActiveCfg = Release|Any CPU
		{AC2D1C88-799C-4A61-9899-1656E3AA8FD3}.Release|Any CPU.Build.0 = Release|Any CPU
		{AC2D1C88-799C-4A61-9899-1656E3AA8FD3}.Release|x64.ActiveCfg = Release|Any CPU
		{AC2D1C88-799C-4A61-9899-1656E3AA8FD3}.Release|x64.Build.0 = Release|Any CPU
		{AC2D1C88-799C-4A61-9899-1656E3AA8FD3}.Release|x86.ActiveCfg = Release|Any CPU
		{AC2D1C88-799C-4A61-9899-1656E3AA8FD3}.Release|x86.Build.0 = Release|Any CPU
		{BDE1E805-07F4-4A62-BD2F-F1D37FAC68E3}.Debug|Any CPU.ActiveCfg = Debug|Any CPU
		{BDE1E805-07F4-4A62-BD2F-F1D37FAC68E3}.Debug|Any CPU.Build.0 = Debug|Any CPU
		{BDE1E805-07F4-4A62-BD2F-F1D37FAC68E3}.Debug|x64.ActiveCfg = Debug|Any CPU
		{BDE1E805-07F4-4A62-BD2F-F1D37FAC68E3}.Debug|x64.Build.0 = Debug|Any CPU
		{BDE1E805-07F4-4A62-BD2F-F1D37FAC68E3}.Debug|x86.ActiveCfg = Debug|Any CPU
		{BDE1E805-07F4-4A62-BD2F-F1D37FAC68E3}.Debug|x86.Build.0 = Debug|Any CPU
		{BDE1E805-07F4-4A62-BD2F-F1D37FAC68E3}.Release|Any CPU.ActiveCfg = Release|Any CPU
		{BDE1E805-07F4-4A62-BD2F-F1D37FAC68E3}.Release|Any CPU.Build.0 = Release|Any CPU
		{BDE1E805-07F4-4A62-BD2F-F1D37FAC68E3}.Release|x64.ActiveCfg = Release|Any CPU
		{BDE1E805-07F4-4A62-BD2F-F1D37FAC68E3}.Release|x64.Build.0 = Release|Any CPU
		{BDE1E805-07F4-4A62-BD2F-F1D37FAC68E3}.Release|x86.ActiveCfg = Release|Any CPU
		{BDE1E805-07F4-4A62-BD2F-F1D37FAC68E3}.Release|x86.Build.0 = Release|Any CPU
		{DC6FF2D6-D69C-43A6-A894-9B6D793079E4}.Debug|Any CPU.ActiveCfg = Debug|Any CPU
		{DC6FF2D6-D69C-43A6-A894-9B6D793079E4}.Debug|Any CPU.Build.0 = Debug|Any CPU
		{DC6FF2D6-D69C-43A6-A894-9B6D793079E4}.Debug|x64.ActiveCfg = Debug|Any CPU
		{DC6FF2D6-D69C-43A6-A894-9B6D793079E4}.Debug|x64.Build.0 = Debug|Any CPU
		{DC6FF2D6-D69C-43A6-A894-9B6D793079E4}.Debug|x86.ActiveCfg = Debug|Any CPU
		{DC6FF2D6-D69C-43A6-A894-9B6D793079E4}.Debug|x86.Build.0 = Debug|Any CPU
		{DC6FF2D6-D69C-43A6-A894-9B6D793079E4}.Release|Any CPU.ActiveCfg = Release|Any CPU
		{DC6FF2D6-D69C-43A6-A894-9B6D793079E4}.Release|Any CPU.Build.0 = Release|Any CPU
		{DC6FF2D6-D69C-43A6-A894-9B6D793079E4}.Release|x64.ActiveCfg = Release|Any CPU
		{DC6FF2D6-D69C-43A6-A894-9B6D793079E4}.Release|x64.Build.0 = Release|Any CPU
		{DC6FF2D6-D69C-43A6-A894-9B6D793079E4}.Release|x86.ActiveCfg = Release|Any CPU
		{DC6FF2D6-D69C-43A6-A894-9B6D793079E4}.Release|x86.Build.0 = Release|Any CPU
		{953EEDAD-68E0-4286-9B8A-C054F4949B3B}.Debug|Any CPU.ActiveCfg = Debug|Any CPU
		{953EEDAD-68E0-4286-9B8A-C054F4949B3B}.Debug|Any CPU.Build.0 = Debug|Any CPU
		{953EEDAD-68E0-4286-9B8A-C054F4949B3B}.Debug|x64.ActiveCfg = Debug|Any CPU
		{953EEDAD-68E0-4286-9B8A-C054F4949B3B}.Debug|x64.Build.0 = Debug|Any CPU
		{953EEDAD-68E0-4286-9B8A-C054F4949B3B}.Debug|x86.ActiveCfg = Debug|Any CPU
		{953EEDAD-68E0-4286-9B8A-C054F4949B3B}.Debug|x86.Build.0 = Debug|Any CPU
		{953EEDAD-68E0-4286-9B8A-C054F4949B3B}.Release|Any CPU.ActiveCfg = Release|Any CPU
		{953EEDAD-68E0-4286-9B8A-C054F4949B3B}.Release|Any CPU.Build.0 = Release|Any CPU
		{953EEDAD-68E0-4286-9B8A-C054F4949B3B}.Release|x64.ActiveCfg = Release|Any CPU
		{953EEDAD-68E0-4286-9B8A-C054F4949B3B}.Release|x64.Build.0 = Release|Any CPU
		{953EEDAD-68E0-4286-9B8A-C054F4949B3B}.Release|x86.ActiveCfg = Release|Any CPU
		{953EEDAD-68E0-4286-9B8A-C054F4949B3B}.Release|x86.Build.0 = Release|Any CPU
		{C1301CE8-C829-42E4-9C70-23B1F8B7934A}.Debug|Any CPU.ActiveCfg = Debug|Any CPU
		{C1301CE8-C829-42E4-9C70-23B1F8B7934A}.Debug|Any CPU.Build.0 = Debug|Any CPU
		{C1301CE8-C829-42E4-9C70-23B1F8B7934A}.Debug|x64.ActiveCfg = Debug|Any CPU
		{C1301CE8-C829-42E4-9C70-23B1F8B7934A}.Debug|x64.Build.0 = Debug|Any CPU
		{C1301CE8-C829-42E4-9C70-23B1F8B7934A}.Debug|x86.ActiveCfg = Debug|Any CPU
		{C1301CE8-C829-42E4-9C70-23B1F8B7934A}.Debug|x86.Build.0 = Debug|Any CPU
		{C1301CE8-C829-42E4-9C70-23B1F8B7934A}.Release|Any CPU.ActiveCfg = Release|Any CPU
		{C1301CE8-C829-42E4-9C70-23B1F8B7934A}.Release|Any CPU.Build.0 = Release|Any CPU
		{C1301CE8-C829-42E4-9C70-23B1F8B7934A}.Release|x64.ActiveCfg = Release|Any CPU
		{C1301CE8-C829-42E4-9C70-23B1F8B7934A}.Release|x64.Build.0 = Release|Any CPU
		{C1301CE8-C829-42E4-9C70-23B1F8B7934A}.Release|x86.ActiveCfg = Release|Any CPU
		{C1301CE8-C829-42E4-9C70-23B1F8B7934A}.Release|x86.Build.0 = Release|Any CPU
		{012C1A13-7463-4845-AE77-E1F5C30FC228}.Debug|Any CPU.ActiveCfg = Debug|Any CPU
		{012C1A13-7463-4845-AE77-E1F5C30FC228}.Debug|Any CPU.Build.0 = Debug|Any CPU
		{012C1A13-7463-4845-AE77-E1F5C30FC228}.Debug|x64.ActiveCfg = Debug|Any CPU
		{012C1A13-7463-4845-AE77-E1F5C30FC228}.Debug|x64.Build.0 = Debug|Any CPU
		{012C1A13-7463-4845-AE77-E1F5C30FC228}.Debug|x86.ActiveCfg = Debug|Any CPU
		{012C1A13-7463-4845-AE77-E1F5C30FC228}.Debug|x86.Build.0 = Debug|Any CPU
		{012C1A13-7463-4845-AE77-E1F5C30FC228}.Release|Any CPU.ActiveCfg = Release|Any CPU
		{012C1A13-7463-4845-AE77-E1F5C30FC228}.Release|Any CPU.Build.0 = Release|Any CPU
		{012C1A13-7463-4845-AE77-E1F5C30FC228}.Release|x64.ActiveCfg = Release|Any CPU
		{012C1A13-7463-4845-AE77-E1F5C30FC228}.Release|x64.Build.0 = Release|Any CPU
		{012C1A13-7463-4845-AE77-E1F5C30FC228}.Release|x86.ActiveCfg = Release|Any CPU
		{012C1A13-7463-4845-AE77-E1F5C30FC228}.Release|x86.Build.0 = Release|Any CPU
		{00C07363-5D4E-426B-A457-A0C2A490B647}.Debug|Any CPU.ActiveCfg = Debug|Any CPU
		{00C07363-5D4E-426B-A457-A0C2A490B647}.Debug|Any CPU.Build.0 = Debug|Any CPU
		{00C07363-5D4E-426B-A457-A0C2A490B647}.Debug|x64.ActiveCfg = Debug|Any CPU
		{00C07363-5D4E-426B-A457-A0C2A490B647}.Debug|x64.Build.0 = Debug|Any CPU
		{00C07363-5D4E-426B-A457-A0C2A490B647}.Debug|x86.ActiveCfg = Debug|Any CPU
		{00C07363-5D4E-426B-A457-A0C2A490B647}.Debug|x86.Build.0 = Debug|Any CPU
		{00C07363-5D4E-426B-A457-A0C2A490B647}.Release|Any CPU.ActiveCfg = Release|Any CPU
		{00C07363-5D4E-426B-A457-A0C2A490B647}.Release|Any CPU.Build.0 = Release|Any CPU
		{00C07363-5D4E-426B-A457-A0C2A490B647}.Release|x64.ActiveCfg = Release|Any CPU
		{00C07363-5D4E-426B-A457-A0C2A490B647}.Release|x64.Build.0 = Release|Any CPU
		{00C07363-5D4E-426B-A457-A0C2A490B647}.Release|x86.ActiveCfg = Release|Any CPU
		{00C07363-5D4E-426B-A457-A0C2A490B647}.Release|x86.Build.0 = Release|Any CPU
		{4A9C5D4A-79CD-422E-BC54-A2B20BC9EC8C}.Debug|Any CPU.ActiveCfg = Debug|Any CPU
		{4A9C5D4A-79CD-422E-BC54-A2B20BC9EC8C}.Debug|Any CPU.Build.0 = Debug|Any CPU
		{4A9C5D4A-79CD-422E-BC54-A2B20BC9EC8C}.Debug|x64.ActiveCfg = Debug|Any CPU
		{4A9C5D4A-79CD-422E-BC54-A2B20BC9EC8C}.Debug|x64.Build.0 = Debug|Any CPU
		{4A9C5D4A-79CD-422E-BC54-A2B20BC9EC8C}.Debug|x86.ActiveCfg = Debug|Any CPU
		{4A9C5D4A-79CD-422E-BC54-A2B20BC9EC8C}.Debug|x86.Build.0 = Debug|Any CPU
		{4A9C5D4A-79CD-422E-BC54-A2B20BC9EC8C}.Release|Any CPU.ActiveCfg = Release|Any CPU
		{4A9C5D4A-79CD-422E-BC54-A2B20BC9EC8C}.Release|Any CPU.Build.0 = Release|Any CPU
		{4A9C5D4A-79CD-422E-BC54-A2B20BC9EC8C}.Release|x64.ActiveCfg = Release|Any CPU
		{4A9C5D4A-79CD-422E-BC54-A2B20BC9EC8C}.Release|x64.Build.0 = Release|Any CPU
		{4A9C5D4A-79CD-422E-BC54-A2B20BC9EC8C}.Release|x86.ActiveCfg = Release|Any CPU
		{4A9C5D4A-79CD-422E-BC54-A2B20BC9EC8C}.Release|x86.Build.0 = Release|Any CPU
		{FCCB7C0B-9098-4CA5-9648-82281E862493}.Debug|Any CPU.ActiveCfg = Debug|Any CPU
		{FCCB7C0B-9098-4CA5-9648-82281E862493}.Debug|Any CPU.Build.0 = Debug|Any CPU
		{FCCB7C0B-9098-4CA5-9648-82281E862493}.Debug|x64.ActiveCfg = Debug|Any CPU
		{FCCB7C0B-9098-4CA5-9648-82281E862493}.Debug|x64.Build.0 = Debug|Any CPU
		{FCCB7C0B-9098-4CA5-9648-82281E862493}.Debug|x86.ActiveCfg = Debug|Any CPU
		{FCCB7C0B-9098-4CA5-9648-82281E862493}.Debug|x86.Build.0 = Debug|Any CPU
		{FCCB7C0B-9098-4CA5-9648-82281E862493}.Release|Any CPU.ActiveCfg = Release|Any CPU
		{FCCB7C0B-9098-4CA5-9648-82281E862493}.Release|Any CPU.Build.0 = Release|Any CPU
		{FCCB7C0B-9098-4CA5-9648-82281E862493}.Release|x64.ActiveCfg = Release|Any CPU
		{FCCB7C0B-9098-4CA5-9648-82281E862493}.Release|x64.Build.0 = Release|Any CPU
		{FCCB7C0B-9098-4CA5-9648-82281E862493}.Release|x86.ActiveCfg = Release|Any CPU
		{FCCB7C0B-9098-4CA5-9648-82281E862493}.Release|x86.Build.0 = Release|Any CPU
		{87E61430-4243-45F2-B74E-0A4C096CEBF3}.Debug|Any CPU.ActiveCfg = Debug|Any CPU
		{87E61430-4243-45F2-B74E-0A4C096CEBF3}.Debug|Any CPU.Build.0 = Debug|Any CPU
		{87E61430-4243-45F2-B74E-0A4C096CEBF3}.Debug|x64.ActiveCfg = Debug|x64
		{87E61430-4243-45F2-B74E-0A4C096CEBF3}.Debug|x64.Build.0 = Debug|x64
		{87E61430-4243-45F2-B74E-0A4C096CEBF3}.Debug|x86.ActiveCfg = Debug|Any CPU
		{87E61430-4243-45F2-B74E-0A4C096CEBF3}.Debug|x86.Build.0 = Debug|Any CPU
		{87E61430-4243-45F2-B74E-0A4C096CEBF3}.Release|Any CPU.ActiveCfg = Release|Any CPU
		{87E61430-4243-45F2-B74E-0A4C096CEBF3}.Release|Any CPU.Build.0 = Release|Any CPU
		{87E61430-4243-45F2-B74E-0A4C096CEBF3}.Release|x64.ActiveCfg = Release|x64
		{87E61430-4243-45F2-B74E-0A4C096CEBF3}.Release|x64.Build.0 = Release|x64
		{87E61430-4243-45F2-B74E-0A4C096CEBF3}.Release|x86.ActiveCfg = Release|Any CPU
		{87E61430-4243-45F2-B74E-0A4C096CEBF3}.Release|x86.Build.0 = Release|Any CPU
		{482AD327-6622-412C-86FF-A6CC9D031626}.Debug|Any CPU.ActiveCfg = Debug|Any CPU
		{482AD327-6622-412C-86FF-A6CC9D031626}.Debug|Any CPU.Build.0 = Debug|Any CPU
		{482AD327-6622-412C-86FF-A6CC9D031626}.Debug|x64.ActiveCfg = Debug|x64
		{482AD327-6622-412C-86FF-A6CC9D031626}.Debug|x64.Build.0 = Debug|x64
		{482AD327-6622-412C-86FF-A6CC9D031626}.Debug|x86.ActiveCfg = Debug|Any CPU
		{482AD327-6622-412C-86FF-A6CC9D031626}.Debug|x86.Build.0 = Debug|Any CPU
		{482AD327-6622-412C-86FF-A6CC9D031626}.Release|Any CPU.ActiveCfg = Release|Any CPU
		{482AD327-6622-412C-86FF-A6CC9D031626}.Release|Any CPU.Build.0 = Release|Any CPU
		{482AD327-6622-412C-86FF-A6CC9D031626}.Release|x64.ActiveCfg = Release|x64
		{482AD327-6622-412C-86FF-A6CC9D031626}.Release|x64.Build.0 = Release|x64
		{482AD327-6622-412C-86FF-A6CC9D031626}.Release|x86.ActiveCfg = Release|Any CPU
		{482AD327-6622-412C-86FF-A6CC9D031626}.Release|x86.Build.0 = Release|Any CPU
		{B7C70825-3784-44B7-92EF-12B94BFCE4B5}.Debug|Any CPU.ActiveCfg = Debug|Any CPU
		{B7C70825-3784-44B7-92EF-12B94BFCE4B5}.Debug|Any CPU.Build.0 = Debug|Any CPU
		{B7C70825-3784-44B7-92EF-12B94BFCE4B5}.Debug|x64.ActiveCfg = Debug|Any CPU
		{B7C70825-3784-44B7-92EF-12B94BFCE4B5}.Debug|x64.Build.0 = Debug|Any CPU
		{B7C70825-3784-44B7-92EF-12B94BFCE4B5}.Debug|x86.ActiveCfg = Debug|Any CPU
		{B7C70825-3784-44B7-92EF-12B94BFCE4B5}.Debug|x86.Build.0 = Debug|Any CPU
		{B7C70825-3784-44B7-92EF-12B94BFCE4B5}.Release|Any CPU.ActiveCfg = Release|Any CPU
		{B7C70825-3784-44B7-92EF-12B94BFCE4B5}.Release|Any CPU.Build.0 = Release|Any CPU
		{B7C70825-3784-44B7-92EF-12B94BFCE4B5}.Release|x64.ActiveCfg = Release|Any CPU
		{B7C70825-3784-44B7-92EF-12B94BFCE4B5}.Release|x64.Build.0 = Release|Any CPU
		{B7C70825-3784-44B7-92EF-12B94BFCE4B5}.Release|x86.ActiveCfg = Release|Any CPU
		{B7C70825-3784-44B7-92EF-12B94BFCE4B5}.Release|x86.Build.0 = Release|Any CPU
		{F3906FC6-748C-45B8-A888-C8A3F52AB8FA}.Debug|Any CPU.ActiveCfg = Debug|Any CPU
		{F3906FC6-748C-45B8-A888-C8A3F52AB8FA}.Debug|Any CPU.Build.0 = Debug|Any CPU
		{F3906FC6-748C-45B8-A888-C8A3F52AB8FA}.Debug|x64.ActiveCfg = Debug|Any CPU
		{F3906FC6-748C-45B8-A888-C8A3F52AB8FA}.Debug|x64.Build.0 = Debug|Any CPU
		{F3906FC6-748C-45B8-A888-C8A3F52AB8FA}.Debug|x86.ActiveCfg = Debug|Any CPU
		{F3906FC6-748C-45B8-A888-C8A3F52AB8FA}.Debug|x86.Build.0 = Debug|Any CPU
		{F3906FC6-748C-45B8-A888-C8A3F52AB8FA}.Release|Any CPU.ActiveCfg = Release|Any CPU
		{F3906FC6-748C-45B8-A888-C8A3F52AB8FA}.Release|Any CPU.Build.0 = Release|Any CPU
		{F3906FC6-748C-45B8-A888-C8A3F52AB8FA}.Release|x64.ActiveCfg = Release|Any CPU
		{F3906FC6-748C-45B8-A888-C8A3F52AB8FA}.Release|x64.Build.0 = Release|Any CPU
		{F3906FC6-748C-45B8-A888-C8A3F52AB8FA}.Release|x86.ActiveCfg = Release|Any CPU
		{F3906FC6-748C-45B8-A888-C8A3F52AB8FA}.Release|x86.Build.0 = Release|Any CPU
		{980F9ADD-5D74-4253-A958-3BDC72084FAA}.Debug|Any CPU.ActiveCfg = Debug|Any CPU
		{980F9ADD-5D74-4253-A958-3BDC72084FAA}.Debug|Any CPU.Build.0 = Debug|Any CPU
		{980F9ADD-5D74-4253-A958-3BDC72084FAA}.Debug|x64.ActiveCfg = Debug|Any CPU
		{980F9ADD-5D74-4253-A958-3BDC72084FAA}.Debug|x64.Build.0 = Debug|Any CPU
		{980F9ADD-5D74-4253-A958-3BDC72084FAA}.Debug|x86.ActiveCfg = Debug|Any CPU
		{980F9ADD-5D74-4253-A958-3BDC72084FAA}.Debug|x86.Build.0 = Debug|Any CPU
		{980F9ADD-5D74-4253-A958-3BDC72084FAA}.Release|Any CPU.ActiveCfg = Release|Any CPU
		{980F9ADD-5D74-4253-A958-3BDC72084FAA}.Release|Any CPU.Build.0 = Release|Any CPU
		{980F9ADD-5D74-4253-A958-3BDC72084FAA}.Release|x64.ActiveCfg = Release|Any CPU
		{980F9ADD-5D74-4253-A958-3BDC72084FAA}.Release|x64.Build.0 = Release|Any CPU
		{980F9ADD-5D74-4253-A958-3BDC72084FAA}.Release|x86.ActiveCfg = Release|Any CPU
		{980F9ADD-5D74-4253-A958-3BDC72084FAA}.Release|x86.Build.0 = Release|Any CPU
		{D26D6DB3-CAD1-4923-85D0-4D845FF473EA}.Debug|Any CPU.ActiveCfg = Debug|Any CPU
		{D26D6DB3-CAD1-4923-85D0-4D845FF473EA}.Debug|Any CPU.Build.0 = Debug|Any CPU
		{D26D6DB3-CAD1-4923-85D0-4D845FF473EA}.Debug|x64.ActiveCfg = Debug|Any CPU
		{D26D6DB3-CAD1-4923-85D0-4D845FF473EA}.Debug|x64.Build.0 = Debug|Any CPU
		{D26D6DB3-CAD1-4923-85D0-4D845FF473EA}.Debug|x86.ActiveCfg = Debug|Any CPU
		{D26D6DB3-CAD1-4923-85D0-4D845FF473EA}.Debug|x86.Build.0 = Debug|Any CPU
		{D26D6DB3-CAD1-4923-85D0-4D845FF473EA}.Release|Any CPU.ActiveCfg = Release|Any CPU
		{D26D6DB3-CAD1-4923-85D0-4D845FF473EA}.Release|Any CPU.Build.0 = Release|Any CPU
		{D26D6DB3-CAD1-4923-85D0-4D845FF473EA}.Release|x64.ActiveCfg = Release|Any CPU
		{D26D6DB3-CAD1-4923-85D0-4D845FF473EA}.Release|x64.Build.0 = Release|Any CPU
		{D26D6DB3-CAD1-4923-85D0-4D845FF473EA}.Release|x86.ActiveCfg = Release|Any CPU
		{D26D6DB3-CAD1-4923-85D0-4D845FF473EA}.Release|x86.Build.0 = Release|Any CPU
		{51BC452C-8600-47BE-8F2E-1D12020A4DEC}.Debug|Any CPU.ActiveCfg = Debug|x64
		{51BC452C-8600-47BE-8F2E-1D12020A4DEC}.Debug|Any CPU.Build.0 = Debug|x64
		{51BC452C-8600-47BE-8F2E-1D12020A4DEC}.Debug|x64.ActiveCfg = Debug|Any CPU
		{51BC452C-8600-47BE-8F2E-1D12020A4DEC}.Debug|x64.Build.0 = Debug|Any CPU
		{51BC452C-8600-47BE-8F2E-1D12020A4DEC}.Debug|x86.ActiveCfg = Debug|Any CPU
		{51BC452C-8600-47BE-8F2E-1D12020A4DEC}.Debug|x86.Build.0 = Debug|Any CPU
		{51BC452C-8600-47BE-8F2E-1D12020A4DEC}.Release|Any CPU.ActiveCfg = Release|Any CPU
		{51BC452C-8600-47BE-8F2E-1D12020A4DEC}.Release|Any CPU.Build.0 = Release|Any CPU
		{51BC452C-8600-47BE-8F2E-1D12020A4DEC}.Release|x64.ActiveCfg = Release|Any CPU
		{51BC452C-8600-47BE-8F2E-1D12020A4DEC}.Release|x64.Build.0 = Release|Any CPU
		{51BC452C-8600-47BE-8F2E-1D12020A4DEC}.Release|x86.ActiveCfg = Release|Any CPU
		{51BC452C-8600-47BE-8F2E-1D12020A4DEC}.Release|x86.Build.0 = Release|Any CPU
		{08AEAD6D-4D27-47EE-9502-C6FB71111624}.Debug|Any CPU.ActiveCfg = Debug|Any CPU
		{08AEAD6D-4D27-47EE-9502-C6FB71111624}.Debug|Any CPU.Build.0 = Debug|Any CPU
		{08AEAD6D-4D27-47EE-9502-C6FB71111624}.Debug|x64.ActiveCfg = Debug|Any CPU
		{08AEAD6D-4D27-47EE-9502-C6FB71111624}.Debug|x64.Build.0 = Debug|Any CPU
		{08AEAD6D-4D27-47EE-9502-C6FB71111624}.Debug|x86.ActiveCfg = Debug|Any CPU
		{08AEAD6D-4D27-47EE-9502-C6FB71111624}.Debug|x86.Build.0 = Debug|Any CPU
		{08AEAD6D-4D27-47EE-9502-C6FB71111624}.Release|Any CPU.ActiveCfg = Release|Any CPU
		{08AEAD6D-4D27-47EE-9502-C6FB71111624}.Release|Any CPU.Build.0 = Release|Any CPU
		{08AEAD6D-4D27-47EE-9502-C6FB71111624}.Release|x64.ActiveCfg = Release|Any CPU
		{08AEAD6D-4D27-47EE-9502-C6FB71111624}.Release|x64.Build.0 = Release|Any CPU
		{08AEAD6D-4D27-47EE-9502-C6FB71111624}.Release|x86.ActiveCfg = Release|Any CPU
		{08AEAD6D-4D27-47EE-9502-C6FB71111624}.Release|x86.Build.0 = Release|Any CPU
	EndGlobalSection
	GlobalSection(SolutionProperties) = preSolution
		HideSolutionNode = FALSE
	EndGlobalSection
	GlobalSection(NestedProjects) = preSolution
		{4007B575-FEE9-4959-B81A-436E51258451} = {FC5B32E5-7BF7-462C-BDEF-1C939D9B7ADE}
		{9BC64F67-33C2-4A01-B09E-6E2DEF9F7C7F} = {FC5B32E5-7BF7-462C-BDEF-1C939D9B7ADE}
		{608A43B5-782E-4FB3-90F2-78384A29F656} = {B87C5785-D739-49E5-8A0B-DE630B86A687}
		{16955C85-D84C-45E5-A954-10BEB5C2F1EE} = {B87C5785-D739-49E5-8A0B-DE630B86A687}
		{2583AE49-B552-4D2E-B0E1-AB836F20ADE4} = {B87C5785-D739-49E5-8A0B-DE630B86A687}
		{B1354B75-EC7D-49BC-9FF0-014402087308} = {B87C5785-D739-49E5-8A0B-DE630B86A687}
		{5E1524AF-82BA-41AB-B0FF-D2354C998B8B} = {B87C5785-D739-49E5-8A0B-DE630B86A687}
		{50E85E96-5A2F-46A9-87D3-9407981AEEA1} = {FC5B32E5-7BF7-462C-BDEF-1C939D9B7ADE}
		{AEB73D39-8F98-4B1E-83F9-B50477299774} = {FC5B32E5-7BF7-462C-BDEF-1C939D9B7ADE}
		{3A6581B3-94D2-47D0-B4AF-E182D15EBBBE} = {FC5B32E5-7BF7-462C-BDEF-1C939D9B7ADE}
		{07A59F91-59D0-41EF-96A5-3CE699BFB68D} = {FC5B32E5-7BF7-462C-BDEF-1C939D9B7ADE}
		{11A1623A-E83D-450D-A013-F54BF2887715} = {FC5B32E5-7BF7-462C-BDEF-1C939D9B7ADE}
		{C7850D7D-A231-4CE4-BC75-9787F59BCC75} = {FC5B32E5-7BF7-462C-BDEF-1C939D9B7ADE}
		{0D77FD7C-DF0D-4C9E-91DD-0C19B118EDAF} = {FC5B32E5-7BF7-462C-BDEF-1C939D9B7ADE}
		{B1CFA372-FE3F-4CB6-94D4-D7FFF1A55F1D} = {FC5B32E5-7BF7-462C-BDEF-1C939D9B7ADE}
		{CAC6E1FE-20EB-48AB-8A15-AD4EA4031217} = {B87C5785-D739-49E5-8A0B-DE630B86A687}
		{62DBA0E8-7F0C-4575-A907-B0D153F51524} = {FC5B32E5-7BF7-462C-BDEF-1C939D9B7ADE}
		{AC2D1C88-799C-4A61-9899-1656E3AA8FD3} = {FC5B32E5-7BF7-462C-BDEF-1C939D9B7ADE}
		{BDE1E805-07F4-4A62-BD2F-F1D37FAC68E3} = {B87C5785-D739-49E5-8A0B-DE630B86A687}
		{DC6FF2D6-D69C-43A6-A894-9B6D793079E4} = {B87C5785-D739-49E5-8A0B-DE630B86A687}
		{953EEDAD-68E0-4286-9B8A-C054F4949B3B} = {B87C5785-D739-49E5-8A0B-DE630B86A687}
		{C1301CE8-C829-42E4-9C70-23B1F8B7934A} = {B87C5785-D739-49E5-8A0B-DE630B86A687}
		{012C1A13-7463-4845-AE77-E1F5C30FC228} = {FC5B32E5-7BF7-462C-BDEF-1C939D9B7ADE}
		{00C07363-5D4E-426B-A457-A0C2A490B647} = {B87C5785-D739-49E5-8A0B-DE630B86A687}
		{4A9C5D4A-79CD-422E-BC54-A2B20BC9EC8C} = {B87C5785-D739-49E5-8A0B-DE630B86A687}
		{FCCB7C0B-9098-4CA5-9648-82281E862493} = {B87C5785-D739-49E5-8A0B-DE630B86A687}
		{87E61430-4243-45F2-B74E-0A4C096CEBF3} = {FC5B32E5-7BF7-462C-BDEF-1C939D9B7ADE}
		{482AD327-6622-412C-86FF-A6CC9D031626} = {FC5B32E5-7BF7-462C-BDEF-1C939D9B7ADE}
		{B7C70825-3784-44B7-92EF-12B94BFCE4B5} = {B87C5785-D739-49E5-8A0B-DE630B86A687}
		{980F9ADD-5D74-4253-A958-3BDC72084FAA} = {B87C5785-D739-49E5-8A0B-DE630B86A687}
		{51BC452C-8600-47BE-8F2E-1D12020A4DEC} = {B87C5785-D739-49E5-8A0B-DE630B86A687}
		{08AEAD6D-4D27-47EE-9502-C6FB71111624} = {B87C5785-D739-49E5-8A0B-DE630B86A687}
	EndGlobalSection
	GlobalSection(ExtensibilityGlobals) = postSolution
		SolutionGuid = {21056437-B11E-4586-B769-DB630862148A}
	EndGlobalSection
EndGlobal
