
Microsoft Visual Studio Solution File, Format Version 12.00
# Visual Studio Version 16
VisualStudioVersion = 16.0.31229.75
MinimumVisualStudioVersion = 10.0.40219.1
Project("{FAE04EC0-301F-11D3-BF4B-00C04F79EFBC}") = "IndexMerge", "IndexMerge\IndexMerge.csproj", "{6E827160-A039-4350-8C43-DD5F2537018A}"
EndProject
Global
	GlobalSection(SolutionConfigurationPlatforms) = preSolution
		Debug|Any CPU = Debug|Any CPU
		Release|Any CPU = Release|Any CPU
	EndGlobalSection
	GlobalSection(ProjectConfigurationPlatforms) = postSolution
		{6E827160-A039-4350-8C43-DD5F2537018A}.Debug|Any CPU.ActiveCfg = Debug|Any CPU
		{6E827160-A039-4350-8C43-DD5F2537018A}.Debug|Any CPU.Build.0 = Debug|Any CPU
		{6E827160-A039-4350-8C43-DD5F2537018A}.Release|Any CPU.ActiveCfg = Release|Any CPU
		{6E827160-A039-4350-8C43-DD5F2537018A}.Release|Any CPU.Build.0 = Release|Any CPU
	EndGlobalSection
	GlobalSection(SolutionProperties) = preSolution
		HideSolutionNode = FALSE
	EndGlobalSection
	GlobalSection(ExtensibilityGlobals) = postSolution
		SolutionGuid = {68C1BFA1-11F5-4D6E-BD81-33F544C84FC9}
	EndGlobalSection
EndGlobal
